
Microsoft Visual Studio Solution File, Format Version 12.00
# Visual Studio 15
VisualStudioVersion = 15.0.27130.2036
MinimumVisualStudioVersion = 10.0.40219.1
Project("{8BC9CEB8-8B4A-11D0-8D11-00A0C91BC942}") = "KKBase", "KKBase\KKBase.vcxproj", "{D9BB6D83-937E-40FD-BFC3-FF48D8A04D11}"
EndProject
Project("{8BC9CEB8-8B4A-11D0-8D11-00A0C91BC942}") = "KKLineScanner", "KKLineScanner\KKLineScanner.vcxproj", "{65B4E499-F9C5-472A-B5D1-90541F817513}"
EndProject
Project("{8BC9CEB8-8B4A-11D0-8D11-00A0C91BC942}") = "KKMachineLearning", "KKMachineLearning\KKMachineLearning.vcxproj", "{EDA94C7F-B7B2-48DC-833D-A4948F00A7A2}"
EndProject
Project("{FAE04EC0-301F-11D3-BF4B-00C04F79EFBC}") = "KKControls", "KKControls\KKControls.csproj", "{3404FEA2-61A5-4102-9280-729AC235A031}"
EndProject
Project("{8BC9CEB8-8B4A-11D0-8D11-00A0C91BC942}") = "KKJobManager", "JobManager\KKJobManager.vcxproj", "{B8045239-6597-4E1D-B535-A78DA68BA156}"
EndProject
Project("{2150E333-8FDC-42A3-9474-1A3956D46DE8}") = "Tests", "Tests", "{253EE5EB-10A6-4B69-B67C-F56804AB335F}"
EndProject
Project("{8BC9CEB8-8B4A-11D0-8D11-00A0C91BC942}") = "KKStrTests", "KKBase\Tests\KKStrTests\KKStrTests.vcxproj", "{17CA3314-D7A7-43B1-BA35-CD4AF6420534}"
EndProject
Project("{2150E333-8FDC-42A3-9474-1A3956D46DE8}") = "OutsidePackages", "OutsidePackages", "{19A9684C-C7B1-4991-9226-894FCF4AFC5E}"
EndProject
Project("{8BC9CEB8-8B4A-11D0-8D11-00A0C91BC942}") = "zlib-1.2.11", "..\OutsidePackages\zlib-1.2.11\zlib-1.2.11.vcxproj", "{5B5EC7AE-BB81-4032-B510-3693221BC716}"
EndProject
Project("{8BC9CEB8-8B4A-11D0-8D11-00A0C91BC942}") = "Tests", "Tests\Tests.vcxproj", "{583C3AAE-2426-43DE-B7CE-ECB9BB888DD6}"
	ProjectSection(ProjectDependencies) = postProject
		{D9BB6D83-937E-40FD-BFC3-FF48D8A04D11} = {D9BB6D83-937E-40FD-BFC3-FF48D8A04D11}
	EndProjectSection
EndProject
Project("{8BC9CEB8-8B4A-11D0-8D11-00A0C91BC942}") = "KKBaseTests", "Tests\KKBaseTests\KKBaseTests.vcxproj", "{55695F0D-AF0A-4FBE-B9AC-F73DDFABFEDE}"
	ProjectSection(ProjectDependencies) = postProject
		{D9BB6D83-937E-40FD-BFC3-FF48D8A04D11} = {D9BB6D83-937E-40FD-BFC3-FF48D8A04D11}
	EndProjectSection
EndProject
Global
	GlobalSection(SolutionConfigurationPlatforms) = preSolution
		Debug|Any CPU = Debug|Any CPU
		Debug|Mixed Platforms = Debug|Mixed Platforms
		Debug|Win32 = Debug|Win32
		Debug|x64 = Debug|x64
		DLL ASM Debug|Any CPU = DLL ASM Debug|Any CPU
		DLL ASM Debug|Mixed Platforms = DLL ASM Debug|Mixed Platforms
		DLL ASM Debug|Win32 = DLL ASM Debug|Win32
		DLL ASM Debug|x64 = DLL ASM Debug|x64
		DLL ASM Release|Any CPU = DLL ASM Release|Any CPU
		DLL ASM Release|Mixed Platforms = DLL ASM Release|Mixed Platforms
		DLL ASM Release|Win32 = DLL ASM Release|Win32
		DLL ASM Release|x64 = DLL ASM Release|x64
		DLL Debug|Any CPU = DLL Debug|Any CPU
		DLL Debug|Mixed Platforms = DLL Debug|Mixed Platforms
		DLL Debug|Win32 = DLL Debug|Win32
		DLL Debug|x64 = DLL Debug|x64
		DLL Release|Any CPU = DLL Release|Any CPU
		DLL Release|Mixed Platforms = DLL Release|Mixed Platforms
		DLL Release|Win32 = DLL Release|Win32
		DLL Release|x64 = DLL Release|x64
		EmbeddedDebug|Any CPU = EmbeddedDebug|Any CPU
		EmbeddedDebug|Mixed Platforms = EmbeddedDebug|Mixed Platforms
		EmbeddedDebug|Win32 = EmbeddedDebug|Win32
		EmbeddedDebug|x64 = EmbeddedDebug|x64
		EmbeddedRelease|Any CPU = EmbeddedRelease|Any CPU
		EmbeddedRelease|Mixed Platforms = EmbeddedRelease|Mixed Platforms
		EmbeddedRelease|Win32 = EmbeddedRelease|Win32
		EmbeddedRelease|x64 = EmbeddedRelease|x64
		LIB ASM Debug|Any CPU = LIB ASM Debug|Any CPU
		LIB ASM Debug|Mixed Platforms = LIB ASM Debug|Mixed Platforms
		LIB ASM Debug|Win32 = LIB ASM Debug|Win32
		LIB ASM Debug|x64 = LIB ASM Debug|x64
		LIB ASM Release|Any CPU = LIB ASM Release|Any CPU
		LIB ASM Release|Mixed Platforms = LIB ASM Release|Mixed Platforms
		LIB ASM Release|Win32 = LIB ASM Release|Win32
		LIB ASM Release|x64 = LIB ASM Release|x64
		LIB Debug|Any CPU = LIB Debug|Any CPU
		LIB Debug|Mixed Platforms = LIB Debug|Mixed Platforms
		LIB Debug|Win32 = LIB Debug|Win32
		LIB Debug|x64 = LIB Debug|x64
		LIB Release|Any CPU = LIB Release|Any CPU
		LIB Release|Mixed Platforms = LIB Release|Mixed Platforms
		LIB Release|Win32 = LIB Release|Win32
		LIB Release|x64 = LIB Release|x64
		Release|Any CPU = Release|Any CPU
		Release|Mixed Platforms = Release|Mixed Platforms
		Release|Win32 = Release|Win32
		Release|x64 = Release|x64
	EndGlobalSection
	GlobalSection(ProjectConfigurationPlatforms) = postSolution
		{D9BB6D83-937E-40FD-BFC3-FF48D8A04D11}.Debug|Any CPU.ActiveCfg = Debug|Win32
		{D9BB6D83-937E-40FD-BFC3-FF48D8A04D11}.Debug|Mixed Platforms.ActiveCfg = Debug|x64
		{D9BB6D83-937E-40FD-BFC3-FF48D8A04D11}.Debug|Mixed Platforms.Build.0 = Debug|x64
		{D9BB6D83-937E-40FD-BFC3-FF48D8A04D11}.Debug|Win32.ActiveCfg = Debug|Win32
		{D9BB6D83-937E-40FD-BFC3-FF48D8A04D11}.Debug|Win32.Build.0 = Debug|Win32
		{D9BB6D83-937E-40FD-BFC3-FF48D8A04D11}.Debug|x64.ActiveCfg = Debug|x64
		{D9BB6D83-937E-40FD-BFC3-FF48D8A04D11}.Debug|x64.Build.0 = Debug|x64
		{D9BB6D83-937E-40FD-BFC3-FF48D8A04D11}.DLL ASM Debug|Any CPU.ActiveCfg = Debug|Win32
		{D9BB6D83-937E-40FD-BFC3-FF48D8A04D11}.DLL ASM Debug|Mixed Platforms.ActiveCfg = Debug|Win32
		{D9BB6D83-937E-40FD-BFC3-FF48D8A04D11}.DLL ASM Debug|Mixed Platforms.Build.0 = Debug|Win32
		{D9BB6D83-937E-40FD-BFC3-FF48D8A04D11}.DLL ASM Debug|Win32.ActiveCfg = Debug|Win32
		{D9BB6D83-937E-40FD-BFC3-FF48D8A04D11}.DLL ASM Debug|Win32.Build.0 = Debug|Win32
		{D9BB6D83-937E-40FD-BFC3-FF48D8A04D11}.DLL ASM Debug|x64.ActiveCfg = Debug|Win32
		{D9BB6D83-937E-40FD-BFC3-FF48D8A04D11}.DLL ASM Release|Any CPU.ActiveCfg = Release|Win32
		{D9BB6D83-937E-40FD-BFC3-FF48D8A04D11}.DLL ASM Release|Mixed Platforms.ActiveCfg = Release|Win32
		{D9BB6D83-937E-40FD-BFC3-FF48D8A04D11}.DLL ASM Release|Mixed Platforms.Build.0 = Release|Win32
		{D9BB6D83-937E-40FD-BFC3-FF48D8A04D11}.DLL ASM Release|Win32.ActiveCfg = Release|Win32
		{D9BB6D83-937E-40FD-BFC3-FF48D8A04D11}.DLL ASM Release|Win32.Build.0 = Release|Win32
		{D9BB6D83-937E-40FD-BFC3-FF48D8A04D11}.DLL ASM Release|x64.ActiveCfg = Release|Win32
		{D9BB6D83-937E-40FD-BFC3-FF48D8A04D11}.DLL Debug|Any CPU.ActiveCfg = Debug|Win32
		{D9BB6D83-937E-40FD-BFC3-FF48D8A04D11}.DLL Debug|Mixed Platforms.ActiveCfg = Debug|Win32
		{D9BB6D83-937E-40FD-BFC3-FF48D8A04D11}.DLL Debug|Mixed Platforms.Build.0 = Debug|Win32
		{D9BB6D83-937E-40FD-BFC3-FF48D8A04D11}.DLL Debug|Win32.ActiveCfg = Debug|Win32
		{D9BB6D83-937E-40FD-BFC3-FF48D8A04D11}.DLL Debug|Win32.Build.0 = Debug|Win32
		{D9BB6D83-937E-40FD-BFC3-FF48D8A04D11}.DLL Debug|x64.ActiveCfg = Debug|Win32
		{D9BB6D83-937E-40FD-BFC3-FF48D8A04D11}.DLL Release|Any CPU.ActiveCfg = Release|Win32
		{D9BB6D83-937E-40FD-BFC3-FF48D8A04D11}.DLL Release|Mixed Platforms.ActiveCfg = Release|Win32
		{D9BB6D83-937E-40FD-BFC3-FF48D8A04D11}.DLL Release|Mixed Platforms.Build.0 = Release|Win32
		{D9BB6D83-937E-40FD-BFC3-FF48D8A04D11}.DLL Release|Win32.ActiveCfg = Release|Win32
		{D9BB6D83-937E-40FD-BFC3-FF48D8A04D11}.DLL Release|Win32.Build.0 = Release|Win32
		{D9BB6D83-937E-40FD-BFC3-FF48D8A04D11}.DLL Release|x64.ActiveCfg = Release|Win32
		{D9BB6D83-937E-40FD-BFC3-FF48D8A04D11}.EmbeddedDebug|Any CPU.ActiveCfg = Debug|Win32
		{D9BB6D83-937E-40FD-BFC3-FF48D8A04D11}.EmbeddedDebug|Mixed Platforms.ActiveCfg = Debug|Win32
		{D9BB6D83-937E-40FD-BFC3-FF48D8A04D11}.EmbeddedDebug|Mixed Platforms.Build.0 = Debug|Win32
		{D9BB6D83-937E-40FD-BFC3-FF48D8A04D11}.EmbeddedDebug|Win32.ActiveCfg = Debug|Win32
		{D9BB6D83-937E-40FD-BFC3-FF48D8A04D11}.EmbeddedDebug|Win32.Build.0 = Debug|Win32
		{D9BB6D83-937E-40FD-BFC3-FF48D8A04D11}.EmbeddedDebug|x64.ActiveCfg = Debug|Win32
		{D9BB6D83-937E-40FD-BFC3-FF48D8A04D11}.EmbeddedRelease|Any CPU.ActiveCfg = Release|Win32
		{D9BB6D83-937E-40FD-BFC3-FF48D8A04D11}.EmbeddedRelease|Mixed Platforms.ActiveCfg = Release|Win32
		{D9BB6D83-937E-40FD-BFC3-FF48D8A04D11}.EmbeddedRelease|Mixed Platforms.Build.0 = Release|Win32
		{D9BB6D83-937E-40FD-BFC3-FF48D8A04D11}.EmbeddedRelease|Win32.ActiveCfg = Release|Win32
		{D9BB6D83-937E-40FD-BFC3-FF48D8A04D11}.EmbeddedRelease|Win32.Build.0 = Release|Win32
		{D9BB6D83-937E-40FD-BFC3-FF48D8A04D11}.EmbeddedRelease|x64.ActiveCfg = Release|Win32
		{D9BB6D83-937E-40FD-BFC3-FF48D8A04D11}.LIB ASM Debug|Any CPU.ActiveCfg = Debug|Win32
		{D9BB6D83-937E-40FD-BFC3-FF48D8A04D11}.LIB ASM Debug|Mixed Platforms.ActiveCfg = Debug|Win32
		{D9BB6D83-937E-40FD-BFC3-FF48D8A04D11}.LIB ASM Debug|Mixed Platforms.Build.0 = Debug|Win32
		{D9BB6D83-937E-40FD-BFC3-FF48D8A04D11}.LIB ASM Debug|Win32.ActiveCfg = Debug|Win32
		{D9BB6D83-937E-40FD-BFC3-FF48D8A04D11}.LIB ASM Debug|Win32.Build.0 = Debug|Win32
		{D9BB6D83-937E-40FD-BFC3-FF48D8A04D11}.LIB ASM Debug|x64.ActiveCfg = Debug|Win32
		{D9BB6D83-937E-40FD-BFC3-FF48D8A04D11}.LIB ASM Release|Any CPU.ActiveCfg = Release|Win32
		{D9BB6D83-937E-40FD-BFC3-FF48D8A04D11}.LIB ASM Release|Mixed Platforms.ActiveCfg = Release|Win32
		{D9BB6D83-937E-40FD-BFC3-FF48D8A04D11}.LIB ASM Release|Mixed Platforms.Build.0 = Release|Win32
		{D9BB6D83-937E-40FD-BFC3-FF48D8A04D11}.LIB ASM Release|Win32.ActiveCfg = Release|Win32
		{D9BB6D83-937E-40FD-BFC3-FF48D8A04D11}.LIB ASM Release|Win32.Build.0 = Release|Win32
		{D9BB6D83-937E-40FD-BFC3-FF48D8A04D11}.LIB ASM Release|x64.ActiveCfg = Release|Win32
		{D9BB6D83-937E-40FD-BFC3-FF48D8A04D11}.LIB Debug|Any CPU.ActiveCfg = Debug|Win32
		{D9BB6D83-937E-40FD-BFC3-FF48D8A04D11}.LIB Debug|Mixed Platforms.ActiveCfg = Debug|Win32
		{D9BB6D83-937E-40FD-BFC3-FF48D8A04D11}.LIB Debug|Mixed Platforms.Build.0 = Debug|Win32
		{D9BB6D83-937E-40FD-BFC3-FF48D8A04D11}.LIB Debug|Win32.ActiveCfg = Debug|Win32
		{D9BB6D83-937E-40FD-BFC3-FF48D8A04D11}.LIB Debug|Win32.Build.0 = Debug|Win32
		{D9BB6D83-937E-40FD-BFC3-FF48D8A04D11}.LIB Debug|x64.ActiveCfg = Debug|Win32
		{D9BB6D83-937E-40FD-BFC3-FF48D8A04D11}.LIB Release|Any CPU.ActiveCfg = Release|Win32
		{D9BB6D83-937E-40FD-BFC3-FF48D8A04D11}.LIB Release|Mixed Platforms.ActiveCfg = Release|Win32
		{D9BB6D83-937E-40FD-BFC3-FF48D8A04D11}.LIB Release|Mixed Platforms.Build.0 = Release|Win32
		{D9BB6D83-937E-40FD-BFC3-FF48D8A04D11}.LIB Release|Win32.ActiveCfg = Release|Win32
		{D9BB6D83-937E-40FD-BFC3-FF48D8A04D11}.LIB Release|Win32.Build.0 = Release|Win32
		{D9BB6D83-937E-40FD-BFC3-FF48D8A04D11}.LIB Release|x64.ActiveCfg = Release|Win32
		{D9BB6D83-937E-40FD-BFC3-FF48D8A04D11}.Release|Any CPU.ActiveCfg = Release|Win32
		{D9BB6D83-937E-40FD-BFC3-FF48D8A04D11}.Release|Mixed Platforms.ActiveCfg = Release|x64
		{D9BB6D83-937E-40FD-BFC3-FF48D8A04D11}.Release|Mixed Platforms.Build.0 = Release|x64
		{D9BB6D83-937E-40FD-BFC3-FF48D8A04D11}.Release|Win32.ActiveCfg = Release|Win32
		{D9BB6D83-937E-40FD-BFC3-FF48D8A04D11}.Release|Win32.Build.0 = Release|Win32
		{D9BB6D83-937E-40FD-BFC3-FF48D8A04D11}.Release|x64.ActiveCfg = Release|x64
		{D9BB6D83-937E-40FD-BFC3-FF48D8A04D11}.Release|x64.Build.0 = Release|x64
		{65B4E499-F9C5-472A-B5D1-90541F817513}.Debug|Any CPU.ActiveCfg = Debug|Win32
		{65B4E499-F9C5-472A-B5D1-90541F817513}.Debug|Mixed Platforms.ActiveCfg = Debug|x64
		{65B4E499-F9C5-472A-B5D1-90541F817513}.Debug|Mixed Platforms.Build.0 = Debug|x64
		{65B4E499-F9C5-472A-B5D1-90541F817513}.Debug|Win32.ActiveCfg = Debug|Win32
		{65B4E499-F9C5-472A-B5D1-90541F817513}.Debug|Win32.Build.0 = Debug|Win32
		{65B4E499-F9C5-472A-B5D1-90541F817513}.Debug|x64.ActiveCfg = Debug|x64
		{65B4E499-F9C5-472A-B5D1-90541F817513}.Debug|x64.Build.0 = Debug|x64
		{65B4E499-F9C5-472A-B5D1-90541F817513}.DLL ASM Debug|Any CPU.ActiveCfg = Debug|Win32
		{65B4E499-F9C5-472A-B5D1-90541F817513}.DLL ASM Debug|Mixed Platforms.ActiveCfg = Debug|Win32
		{65B4E499-F9C5-472A-B5D1-90541F817513}.DLL ASM Debug|Mixed Platforms.Build.0 = Debug|Win32
		{65B4E499-F9C5-472A-B5D1-90541F817513}.DLL ASM Debug|Win32.ActiveCfg = Debug|Win32
		{65B4E499-F9C5-472A-B5D1-90541F817513}.DLL ASM Debug|Win32.Build.0 = Debug|Win32
		{65B4E499-F9C5-472A-B5D1-90541F817513}.DLL ASM Debug|x64.ActiveCfg = Debug|Win32
		{65B4E499-F9C5-472A-B5D1-90541F817513}.DLL ASM Release|Any CPU.ActiveCfg = Release|Win32
		{65B4E499-F9C5-472A-B5D1-90541F817513}.DLL ASM Release|Mixed Platforms.ActiveCfg = Release|Win32
		{65B4E499-F9C5-472A-B5D1-90541F817513}.DLL ASM Release|Mixed Platforms.Build.0 = Release|Win32
		{65B4E499-F9C5-472A-B5D1-90541F817513}.DLL ASM Release|Win32.ActiveCfg = Release|Win32
		{65B4E499-F9C5-472A-B5D1-90541F817513}.DLL ASM Release|Win32.Build.0 = Release|Win32
		{65B4E499-F9C5-472A-B5D1-90541F817513}.DLL ASM Release|x64.ActiveCfg = Release|Win32
		{65B4E499-F9C5-472A-B5D1-90541F817513}.DLL Debug|Any CPU.ActiveCfg = Debug|Win32
		{65B4E499-F9C5-472A-B5D1-90541F817513}.DLL Debug|Mixed Platforms.ActiveCfg = Debug|Win32
		{65B4E499-F9C5-472A-B5D1-90541F817513}.DLL Debug|Mixed Platforms.Build.0 = Debug|Win32
		{65B4E499-F9C5-472A-B5D1-90541F817513}.DLL Debug|Win32.ActiveCfg = Debug|Win32
		{65B4E499-F9C5-472A-B5D1-90541F817513}.DLL Debug|Win32.Build.0 = Debug|Win32
		{65B4E499-F9C5-472A-B5D1-90541F817513}.DLL Debug|x64.ActiveCfg = Debug|Win32
		{65B4E499-F9C5-472A-B5D1-90541F817513}.DLL Release|Any CPU.ActiveCfg = Release|Win32
		{65B4E499-F9C5-472A-B5D1-90541F817513}.DLL Release|Mixed Platforms.ActiveCfg = Release|Win32
		{65B4E499-F9C5-472A-B5D1-90541F817513}.DLL Release|Mixed Platforms.Build.0 = Release|Win32
		{65B4E499-F9C5-472A-B5D1-90541F817513}.DLL Release|Win32.ActiveCfg = Release|Win32
		{65B4E499-F9C5-472A-B5D1-90541F817513}.DLL Release|Win32.Build.0 = Release|Win32
		{65B4E499-F9C5-472A-B5D1-90541F817513}.DLL Release|x64.ActiveCfg = Release|Win32
		{65B4E499-F9C5-472A-B5D1-90541F817513}.EmbeddedDebug|Any CPU.ActiveCfg = Debug|Win32
		{65B4E499-F9C5-472A-B5D1-90541F817513}.EmbeddedDebug|Mixed Platforms.ActiveCfg = Debug|Win32
		{65B4E499-F9C5-472A-B5D1-90541F817513}.EmbeddedDebug|Mixed Platforms.Build.0 = Debug|Win32
		{65B4E499-F9C5-472A-B5D1-90541F817513}.EmbeddedDebug|Win32.ActiveCfg = Debug|Win32
		{65B4E499-F9C5-472A-B5D1-90541F817513}.EmbeddedDebug|Win32.Build.0 = Debug|Win32
		{65B4E499-F9C5-472A-B5D1-90541F817513}.EmbeddedDebug|x64.ActiveCfg = Debug|Win32
		{65B4E499-F9C5-472A-B5D1-90541F817513}.EmbeddedRelease|Any CPU.ActiveCfg = Release|Win32
		{65B4E499-F9C5-472A-B5D1-90541F817513}.EmbeddedRelease|Mixed Platforms.ActiveCfg = Release|Win32
		{65B4E499-F9C5-472A-B5D1-90541F817513}.EmbeddedRelease|Mixed Platforms.Build.0 = Release|Win32
		{65B4E499-F9C5-472A-B5D1-90541F817513}.EmbeddedRelease|Win32.ActiveCfg = Release|Win32
		{65B4E499-F9C5-472A-B5D1-90541F817513}.EmbeddedRelease|Win32.Build.0 = Release|Win32
		{65B4E499-F9C5-472A-B5D1-90541F817513}.EmbeddedRelease|x64.ActiveCfg = Release|Win32
		{65B4E499-F9C5-472A-B5D1-90541F817513}.LIB ASM Debug|Any CPU.ActiveCfg = Debug|Win32
		{65B4E499-F9C5-472A-B5D1-90541F817513}.LIB ASM Debug|Mixed Platforms.ActiveCfg = Debug|Win32
		{65B4E499-F9C5-472A-B5D1-90541F817513}.LIB ASM Debug|Mixed Platforms.Build.0 = Debug|Win32
		{65B4E499-F9C5-472A-B5D1-90541F817513}.LIB ASM Debug|Win32.ActiveCfg = Debug|Win32
		{65B4E499-F9C5-472A-B5D1-90541F817513}.LIB ASM Debug|Win32.Build.0 = Debug|Win32
		{65B4E499-F9C5-472A-B5D1-90541F817513}.LIB ASM Debug|x64.ActiveCfg = Debug|Win32
		{65B4E499-F9C5-472A-B5D1-90541F817513}.LIB ASM Release|Any CPU.ActiveCfg = Release|Win32
		{65B4E499-F9C5-472A-B5D1-90541F817513}.LIB ASM Release|Mixed Platforms.ActiveCfg = Release|Win32
		{65B4E499-F9C5-472A-B5D1-90541F817513}.LIB ASM Release|Mixed Platforms.Build.0 = Release|Win32
		{65B4E499-F9C5-472A-B5D1-90541F817513}.LIB ASM Release|Win32.ActiveCfg = Release|Win32
		{65B4E499-F9C5-472A-B5D1-90541F817513}.LIB ASM Release|Win32.Build.0 = Release|Win32
		{65B4E499-F9C5-472A-B5D1-90541F817513}.LIB ASM Release|x64.ActiveCfg = Release|Win32
		{65B4E499-F9C5-472A-B5D1-90541F817513}.LIB Debug|Any CPU.ActiveCfg = Debug|Win32
		{65B4E499-F9C5-472A-B5D1-90541F817513}.LIB Debug|Mixed Platforms.ActiveCfg = Debug|Win32
		{65B4E499-F9C5-472A-B5D1-90541F817513}.LIB Debug|Mixed Platforms.Build.0 = Debug|Win32
		{65B4E499-F9C5-472A-B5D1-90541F817513}.LIB Debug|Win32.ActiveCfg = Debug|Win32
		{65B4E499-F9C5-472A-B5D1-90541F817513}.LIB Debug|Win32.Build.0 = Debug|Win32
		{65B4E499-F9C5-472A-B5D1-90541F817513}.LIB Debug|x64.ActiveCfg = Debug|Win32
		{65B4E499-F9C5-472A-B5D1-90541F817513}.LIB Release|Any CPU.ActiveCfg = Release|Win32
		{65B4E499-F9C5-472A-B5D1-90541F817513}.LIB Release|Mixed Platforms.ActiveCfg = Release|Win32
		{65B4E499-F9C5-472A-B5D1-90541F817513}.LIB Release|Mixed Platforms.Build.0 = Release|Win32
		{65B4E499-F9C5-472A-B5D1-90541F817513}.LIB Release|Win32.ActiveCfg = Release|Win32
		{65B4E499-F9C5-472A-B5D1-90541F817513}.LIB Release|Win32.Build.0 = Release|Win32
		{65B4E499-F9C5-472A-B5D1-90541F817513}.LIB Release|x64.ActiveCfg = Release|Win32
		{65B4E499-F9C5-472A-B5D1-90541F817513}.Release|Any CPU.ActiveCfg = Release|Win32
		{65B4E499-F9C5-472A-B5D1-90541F817513}.Release|Mixed Platforms.ActiveCfg = Release|x64
		{65B4E499-F9C5-472A-B5D1-90541F817513}.Release|Mixed Platforms.Build.0 = Release|x64
		{65B4E499-F9C5-472A-B5D1-90541F817513}.Release|Win32.ActiveCfg = Release|Win32
		{65B4E499-F9C5-472A-B5D1-90541F817513}.Release|Win32.Build.0 = Release|Win32
		{65B4E499-F9C5-472A-B5D1-90541F817513}.Release|x64.ActiveCfg = Release|x64
		{65B4E499-F9C5-472A-B5D1-90541F817513}.Release|x64.Build.0 = Release|x64
		{EDA94C7F-B7B2-48DC-833D-A4948F00A7A2}.Debug|Any CPU.ActiveCfg = Debug|Win32
		{EDA94C7F-B7B2-48DC-833D-A4948F00A7A2}.Debug|Mixed Platforms.ActiveCfg = Debug|x64
		{EDA94C7F-B7B2-48DC-833D-A4948F00A7A2}.Debug|Mixed Platforms.Build.0 = Debug|x64
		{EDA94C7F-B7B2-48DC-833D-A4948F00A7A2}.Debug|Win32.ActiveCfg = Debug|Win32
		{EDA94C7F-B7B2-48DC-833D-A4948F00A7A2}.Debug|Win32.Build.0 = Debug|Win32
		{EDA94C7F-B7B2-48DC-833D-A4948F00A7A2}.Debug|x64.ActiveCfg = Debug|x64
		{EDA94C7F-B7B2-48DC-833D-A4948F00A7A2}.Debug|x64.Build.0 = Debug|x64
		{EDA94C7F-B7B2-48DC-833D-A4948F00A7A2}.DLL ASM Debug|Any CPU.ActiveCfg = Debug|Win32
		{EDA94C7F-B7B2-48DC-833D-A4948F00A7A2}.DLL ASM Debug|Mixed Platforms.ActiveCfg = Debug|Win32
		{EDA94C7F-B7B2-48DC-833D-A4948F00A7A2}.DLL ASM Debug|Mixed Platforms.Build.0 = Debug|Win32
		{EDA94C7F-B7B2-48DC-833D-A4948F00A7A2}.DLL ASM Debug|Win32.ActiveCfg = Debug|Win32
		{EDA94C7F-B7B2-48DC-833D-A4948F00A7A2}.DLL ASM Debug|Win32.Build.0 = Debug|Win32
		{EDA94C7F-B7B2-48DC-833D-A4948F00A7A2}.DLL ASM Debug|x64.ActiveCfg = Debug|Win32
		{EDA94C7F-B7B2-48DC-833D-A4948F00A7A2}.DLL ASM Release|Any CPU.ActiveCfg = Release|Win32
		{EDA94C7F-B7B2-48DC-833D-A4948F00A7A2}.DLL ASM Release|Mixed Platforms.ActiveCfg = Release|Win32
		{EDA94C7F-B7B2-48DC-833D-A4948F00A7A2}.DLL ASM Release|Mixed Platforms.Build.0 = Release|Win32
		{EDA94C7F-B7B2-48DC-833D-A4948F00A7A2}.DLL ASM Release|Win32.ActiveCfg = Release|Win32
		{EDA94C7F-B7B2-48DC-833D-A4948F00A7A2}.DLL ASM Release|Win32.Build.0 = Release|Win32
		{EDA94C7F-B7B2-48DC-833D-A4948F00A7A2}.DLL ASM Release|x64.ActiveCfg = Release|Win32
		{EDA94C7F-B7B2-48DC-833D-A4948F00A7A2}.DLL Debug|Any CPU.ActiveCfg = Debug|Win32
		{EDA94C7F-B7B2-48DC-833D-A4948F00A7A2}.DLL Debug|Mixed Platforms.ActiveCfg = Debug|Win32
		{EDA94C7F-B7B2-48DC-833D-A4948F00A7A2}.DLL Debug|Mixed Platforms.Build.0 = Debug|Win32
		{EDA94C7F-B7B2-48DC-833D-A4948F00A7A2}.DLL Debug|Win32.ActiveCfg = Debug|Win32
		{EDA94C7F-B7B2-48DC-833D-A4948F00A7A2}.DLL Debug|Win32.Build.0 = Debug|Win32
		{EDA94C7F-B7B2-48DC-833D-A4948F00A7A2}.DLL Debug|x64.ActiveCfg = Debug|Win32
		{EDA94C7F-B7B2-48DC-833D-A4948F00A7A2}.DLL Release|Any CPU.ActiveCfg = Release|Win32
		{EDA94C7F-B7B2-48DC-833D-A4948F00A7A2}.DLL Release|Mixed Platforms.ActiveCfg = Release|Win32
		{EDA94C7F-B7B2-48DC-833D-A4948F00A7A2}.DLL Release|Mixed Platforms.Build.0 = Release|Win32
		{EDA94C7F-B7B2-48DC-833D-A4948F00A7A2}.DLL Release|Win32.ActiveCfg = Release|Win32
		{EDA94C7F-B7B2-48DC-833D-A4948F00A7A2}.DLL Release|Win32.Build.0 = Release|Win32
		{EDA94C7F-B7B2-48DC-833D-A4948F00A7A2}.DLL Release|x64.ActiveCfg = Release|Win32
		{EDA94C7F-B7B2-48DC-833D-A4948F00A7A2}.EmbeddedDebug|Any CPU.ActiveCfg = Debug|Win32
		{EDA94C7F-B7B2-48DC-833D-A4948F00A7A2}.EmbeddedDebug|Mixed Platforms.ActiveCfg = Debug|Win32
		{EDA94C7F-B7B2-48DC-833D-A4948F00A7A2}.EmbeddedDebug|Mixed Platforms.Build.0 = Debug|Win32
		{EDA94C7F-B7B2-48DC-833D-A4948F00A7A2}.EmbeddedDebug|Win32.ActiveCfg = Debug|Win32
		{EDA94C7F-B7B2-48DC-833D-A4948F00A7A2}.EmbeddedDebug|Win32.Build.0 = Debug|Win32
		{EDA94C7F-B7B2-48DC-833D-A4948F00A7A2}.EmbeddedDebug|x64.ActiveCfg = Debug|Win32
		{EDA94C7F-B7B2-48DC-833D-A4948F00A7A2}.EmbeddedRelease|Any CPU.ActiveCfg = Release|Win32
		{EDA94C7F-B7B2-48DC-833D-A4948F00A7A2}.EmbeddedRelease|Mixed Platforms.ActiveCfg = Release|Win32
		{EDA94C7F-B7B2-48DC-833D-A4948F00A7A2}.EmbeddedRelease|Mixed Platforms.Build.0 = Release|Win32
		{EDA94C7F-B7B2-48DC-833D-A4948F00A7A2}.EmbeddedRelease|Win32.ActiveCfg = Release|Win32
		{EDA94C7F-B7B2-48DC-833D-A4948F00A7A2}.EmbeddedRelease|Win32.Build.0 = Release|Win32
		{EDA94C7F-B7B2-48DC-833D-A4948F00A7A2}.EmbeddedRelease|x64.ActiveCfg = Release|Win32
		{EDA94C7F-B7B2-48DC-833D-A4948F00A7A2}.LIB ASM Debug|Any CPU.ActiveCfg = Debug|Win32
		{EDA94C7F-B7B2-48DC-833D-A4948F00A7A2}.LIB ASM Debug|Mixed Platforms.ActiveCfg = Debug|Win32
		{EDA94C7F-B7B2-48DC-833D-A4948F00A7A2}.LIB ASM Debug|Mixed Platforms.Build.0 = Debug|Win32
		{EDA94C7F-B7B2-48DC-833D-A4948F00A7A2}.LIB ASM Debug|Win32.ActiveCfg = Debug|Win32
		{EDA94C7F-B7B2-48DC-833D-A4948F00A7A2}.LIB ASM Debug|Win32.Build.0 = Debug|Win32
		{EDA94C7F-B7B2-48DC-833D-A4948F00A7A2}.LIB ASM Debug|x64.ActiveCfg = Debug|Win32
		{EDA94C7F-B7B2-48DC-833D-A4948F00A7A2}.LIB ASM Release|Any CPU.ActiveCfg = Release|Win32
		{EDA94C7F-B7B2-48DC-833D-A4948F00A7A2}.LIB ASM Release|Mixed Platforms.ActiveCfg = Release|Win32
		{EDA94C7F-B7B2-48DC-833D-A4948F00A7A2}.LIB ASM Release|Mixed Platforms.Build.0 = Release|Win32
		{EDA94C7F-B7B2-48DC-833D-A4948F00A7A2}.LIB ASM Release|Win32.ActiveCfg = Release|Win32
		{EDA94C7F-B7B2-48DC-833D-A4948F00A7A2}.LIB ASM Release|Win32.Build.0 = Release|Win32
		{EDA94C7F-B7B2-48DC-833D-A4948F00A7A2}.LIB ASM Release|x64.ActiveCfg = Release|Win32
		{EDA94C7F-B7B2-48DC-833D-A4948F00A7A2}.LIB Debug|Any CPU.ActiveCfg = Debug|Win32
		{EDA94C7F-B7B2-48DC-833D-A4948F00A7A2}.LIB Debug|Mixed Platforms.ActiveCfg = Debug|Win32
		{EDA94C7F-B7B2-48DC-833D-A4948F00A7A2}.LIB Debug|Mixed Platforms.Build.0 = Debug|Win32
		{EDA94C7F-B7B2-48DC-833D-A4948F00A7A2}.LIB Debug|Win32.ActiveCfg = Debug|Win32
		{EDA94C7F-B7B2-48DC-833D-A4948F00A7A2}.LIB Debug|Win32.Build.0 = Debug|Win32
		{EDA94C7F-B7B2-48DC-833D-A4948F00A7A2}.LIB Debug|x64.ActiveCfg = Debug|Win32
		{EDA94C7F-B7B2-48DC-833D-A4948F00A7A2}.LIB Release|Any CPU.ActiveCfg = Release|Win32
		{EDA94C7F-B7B2-48DC-833D-A4948F00A7A2}.LIB Release|Mixed Platforms.ActiveCfg = Release|Win32
		{EDA94C7F-B7B2-48DC-833D-A4948F00A7A2}.LIB Release|Mixed Platforms.Build.0 = Release|Win32
		{EDA94C7F-B7B2-48DC-833D-A4948F00A7A2}.LIB Release|Win32.ActiveCfg = Release|Win32
		{EDA94C7F-B7B2-48DC-833D-A4948F00A7A2}.LIB Release|Win32.Build.0 = Release|Win32
		{EDA94C7F-B7B2-48DC-833D-A4948F00A7A2}.LIB Release|x64.ActiveCfg = Release|Win32
		{EDA94C7F-B7B2-48DC-833D-A4948F00A7A2}.Release|Any CPU.ActiveCfg = Release|Win32
		{EDA94C7F-B7B2-48DC-833D-A4948F00A7A2}.Release|Mixed Platforms.ActiveCfg = Release|x64
		{EDA94C7F-B7B2-48DC-833D-A4948F00A7A2}.Release|Mixed Platforms.Build.0 = Release|x64
		{EDA94C7F-B7B2-48DC-833D-A4948F00A7A2}.Release|Win32.ActiveCfg = Release|Win32
		{EDA94C7F-B7B2-48DC-833D-A4948F00A7A2}.Release|Win32.Build.0 = Release|Win32
		{EDA94C7F-B7B2-48DC-833D-A4948F00A7A2}.Release|x64.ActiveCfg = Release|x64
		{EDA94C7F-B7B2-48DC-833D-A4948F00A7A2}.Release|x64.Build.0 = Release|x64
		{3404FEA2-61A5-4102-9280-729AC235A031}.Debug|Any CPU.ActiveCfg = Debug|Any CPU
		{3404FEA2-61A5-4102-9280-729AC235A031}.Debug|Any CPU.Build.0 = Debug|Any CPU
		{3404FEA2-61A5-4102-9280-729AC235A031}.Debug|Mixed Platforms.ActiveCfg = Debug|x64
		{3404FEA2-61A5-4102-9280-729AC235A031}.Debug|Mixed Platforms.Build.0 = Debug|x64
		{3404FEA2-61A5-4102-9280-729AC235A031}.Debug|Win32.ActiveCfg = Debug|x64
		{3404FEA2-61A5-4102-9280-729AC235A031}.Debug|x64.ActiveCfg = Debug|x64
		{3404FEA2-61A5-4102-9280-729AC235A031}.Debug|x64.Build.0 = Debug|x64
		{3404FEA2-61A5-4102-9280-729AC235A031}.DLL ASM Debug|Any CPU.ActiveCfg = Debug|Any CPU
		{3404FEA2-61A5-4102-9280-729AC235A031}.DLL ASM Debug|Any CPU.Build.0 = Debug|Any CPU
		{3404FEA2-61A5-4102-9280-729AC235A031}.DLL ASM Debug|Mixed Platforms.ActiveCfg = Debug|x64
		{3404FEA2-61A5-4102-9280-729AC235A031}.DLL ASM Debug|Mixed Platforms.Build.0 = Debug|x64
		{3404FEA2-61A5-4102-9280-729AC235A031}.DLL ASM Debug|Win32.ActiveCfg = Debug|x64
		{3404FEA2-61A5-4102-9280-729AC235A031}.DLL ASM Debug|x64.ActiveCfg = Debug|x64
		{3404FEA2-61A5-4102-9280-729AC235A031}.DLL ASM Debug|x64.Build.0 = Debug|x64
		{3404FEA2-61A5-4102-9280-729AC235A031}.DLL ASM Release|Any CPU.ActiveCfg = Release|Any CPU
		{3404FEA2-61A5-4102-9280-729AC235A031}.DLL ASM Release|Any CPU.Build.0 = Release|Any CPU
		{3404FEA2-61A5-4102-9280-729AC235A031}.DLL ASM Release|Mixed Platforms.ActiveCfg = Release|x64
		{3404FEA2-61A5-4102-9280-729AC235A031}.DLL ASM Release|Mixed Platforms.Build.0 = Release|x64
		{3404FEA2-61A5-4102-9280-729AC235A031}.DLL ASM Release|Win32.ActiveCfg = Release|x64
		{3404FEA2-61A5-4102-9280-729AC235A031}.DLL ASM Release|x64.ActiveCfg = Release|x64
		{3404FEA2-61A5-4102-9280-729AC235A031}.DLL ASM Release|x64.Build.0 = Release|x64
		{3404FEA2-61A5-4102-9280-729AC235A031}.DLL Debug|Any CPU.ActiveCfg = Debug|Any CPU
		{3404FEA2-61A5-4102-9280-729AC235A031}.DLL Debug|Any CPU.Build.0 = Debug|Any CPU
		{3404FEA2-61A5-4102-9280-729AC235A031}.DLL Debug|Mixed Platforms.ActiveCfg = Debug|x64
		{3404FEA2-61A5-4102-9280-729AC235A031}.DLL Debug|Mixed Platforms.Build.0 = Debug|x64
		{3404FEA2-61A5-4102-9280-729AC235A031}.DLL Debug|Win32.ActiveCfg = Debug|x64
		{3404FEA2-61A5-4102-9280-729AC235A031}.DLL Debug|x64.ActiveCfg = Debug|x64
		{3404FEA2-61A5-4102-9280-729AC235A031}.DLL Debug|x64.Build.0 = Debug|x64
		{3404FEA2-61A5-4102-9280-729AC235A031}.DLL Release|Any CPU.ActiveCfg = Release|Any CPU
		{3404FEA2-61A5-4102-9280-729AC235A031}.DLL Release|Any CPU.Build.0 = Release|Any CPU
		{3404FEA2-61A5-4102-9280-729AC235A031}.DLL Release|Mixed Platforms.ActiveCfg = Release|x64
		{3404FEA2-61A5-4102-9280-729AC235A031}.DLL Release|Mixed Platforms.Build.0 = Release|x64
		{3404FEA2-61A5-4102-9280-729AC235A031}.DLL Release|Win32.ActiveCfg = Release|x64
		{3404FEA2-61A5-4102-9280-729AC235A031}.DLL Release|x64.ActiveCfg = Release|x64
		{3404FEA2-61A5-4102-9280-729AC235A031}.DLL Release|x64.Build.0 = Release|x64
		{3404FEA2-61A5-4102-9280-729AC235A031}.EmbeddedDebug|Any CPU.ActiveCfg = Debug|Any CPU
		{3404FEA2-61A5-4102-9280-729AC235A031}.EmbeddedDebug|Any CPU.Build.0 = Debug|Any CPU
		{3404FEA2-61A5-4102-9280-729AC235A031}.EmbeddedDebug|Mixed Platforms.ActiveCfg = Debug|x64
		{3404FEA2-61A5-4102-9280-729AC235A031}.EmbeddedDebug|Mixed Platforms.Build.0 = Debug|x64
		{3404FEA2-61A5-4102-9280-729AC235A031}.EmbeddedDebug|Win32.ActiveCfg = Debug|x64
		{3404FEA2-61A5-4102-9280-729AC235A031}.EmbeddedDebug|x64.ActiveCfg = Debug|x64
		{3404FEA2-61A5-4102-9280-729AC235A031}.EmbeddedDebug|x64.Build.0 = Debug|x64
		{3404FEA2-61A5-4102-9280-729AC235A031}.EmbeddedRelease|Any CPU.ActiveCfg = Release|Any CPU
		{3404FEA2-61A5-4102-9280-729AC235A031}.EmbeddedRelease|Any CPU.Build.0 = Release|Any CPU
		{3404FEA2-61A5-4102-9280-729AC235A031}.EmbeddedRelease|Mixed Platforms.ActiveCfg = Release|x64
		{3404FEA2-61A5-4102-9280-729AC235A031}.EmbeddedRelease|Mixed Platforms.Build.0 = Release|x64
		{3404FEA2-61A5-4102-9280-729AC235A031}.EmbeddedRelease|Win32.ActiveCfg = Release|x64
		{3404FEA2-61A5-4102-9280-729AC235A031}.EmbeddedRelease|x64.ActiveCfg = Release|x64
		{3404FEA2-61A5-4102-9280-729AC235A031}.EmbeddedRelease|x64.Build.0 = Release|x64
		{3404FEA2-61A5-4102-9280-729AC235A031}.LIB ASM Debug|Any CPU.ActiveCfg = Debug|Any CPU
		{3404FEA2-61A5-4102-9280-729AC235A031}.LIB ASM Debug|Any CPU.Build.0 = Debug|Any CPU
		{3404FEA2-61A5-4102-9280-729AC235A031}.LIB ASM Debug|Mixed Platforms.ActiveCfg = Debug|x64
		{3404FEA2-61A5-4102-9280-729AC235A031}.LIB ASM Debug|Mixed Platforms.Build.0 = Debug|x64
		{3404FEA2-61A5-4102-9280-729AC235A031}.LIB ASM Debug|Win32.ActiveCfg = Debug|x64
		{3404FEA2-61A5-4102-9280-729AC235A031}.LIB ASM Debug|x64.ActiveCfg = Debug|x64
		{3404FEA2-61A5-4102-9280-729AC235A031}.LIB ASM Debug|x64.Build.0 = Debug|x64
		{3404FEA2-61A5-4102-9280-729AC235A031}.LIB ASM Release|Any CPU.ActiveCfg = Release|Any CPU
		{3404FEA2-61A5-4102-9280-729AC235A031}.LIB ASM Release|Any CPU.Build.0 = Release|Any CPU
		{3404FEA2-61A5-4102-9280-729AC235A031}.LIB ASM Release|Mixed Platforms.ActiveCfg = Release|x64
		{3404FEA2-61A5-4102-9280-729AC235A031}.LIB ASM Release|Mixed Platforms.Build.0 = Release|x64
		{3404FEA2-61A5-4102-9280-729AC235A031}.LIB ASM Release|Win32.ActiveCfg = Release|x64
		{3404FEA2-61A5-4102-9280-729AC235A031}.LIB ASM Release|x64.ActiveCfg = Release|x64
		{3404FEA2-61A5-4102-9280-729AC235A031}.LIB ASM Release|x64.Build.0 = Release|x64
		{3404FEA2-61A5-4102-9280-729AC235A031}.LIB Debug|Any CPU.ActiveCfg = Debug|Any CPU
		{3404FEA2-61A5-4102-9280-729AC235A031}.LIB Debug|Any CPU.Build.0 = Debug|Any CPU
		{3404FEA2-61A5-4102-9280-729AC235A031}.LIB Debug|Mixed Platforms.ActiveCfg = Debug|x64
		{3404FEA2-61A5-4102-9280-729AC235A031}.LIB Debug|Mixed Platforms.Build.0 = Debug|x64
		{3404FEA2-61A5-4102-9280-729AC235A031}.LIB Debug|Win32.ActiveCfg = Debug|x64
		{3404FEA2-61A5-4102-9280-729AC235A031}.LIB Debug|x64.ActiveCfg = Debug|x64
		{3404FEA2-61A5-4102-9280-729AC235A031}.LIB Debug|x64.Build.0 = Debug|x64
		{3404FEA2-61A5-4102-9280-729AC235A031}.LIB Release|Any CPU.ActiveCfg = Release|Any CPU
		{3404FEA2-61A5-4102-9280-729AC235A031}.LIB Release|Any CPU.Build.0 = Release|Any CPU
		{3404FEA2-61A5-4102-9280-729AC235A031}.LIB Release|Mixed Platforms.ActiveCfg = Release|x64
		{3404FEA2-61A5-4102-9280-729AC235A031}.LIB Release|Mixed Platforms.Build.0 = Release|x64
		{3404FEA2-61A5-4102-9280-729AC235A031}.LIB Release|Win32.ActiveCfg = Release|x64
		{3404FEA2-61A5-4102-9280-729AC235A031}.LIB Release|x64.ActiveCfg = Release|x64
		{3404FEA2-61A5-4102-9280-729AC235A031}.LIB Release|x64.Build.0 = Release|x64
		{3404FEA2-61A5-4102-9280-729AC235A031}.Release|Any CPU.ActiveCfg = Release|Any CPU
		{3404FEA2-61A5-4102-9280-729AC235A031}.Release|Any CPU.Build.0 = Release|Any CPU
		{3404FEA2-61A5-4102-9280-729AC235A031}.Release|Mixed Platforms.ActiveCfg = Release|x64
		{3404FEA2-61A5-4102-9280-729AC235A031}.Release|Mixed Platforms.Build.0 = Release|x64
		{3404FEA2-61A5-4102-9280-729AC235A031}.Release|Win32.ActiveCfg = Release|x64
		{3404FEA2-61A5-4102-9280-729AC235A031}.Release|x64.ActiveCfg = Release|x64
		{3404FEA2-61A5-4102-9280-729AC235A031}.Release|x64.Build.0 = Release|x64
		{B8045239-6597-4E1D-B535-A78DA68BA156}.Debug|Any CPU.ActiveCfg = Debug|Win32
		{B8045239-6597-4E1D-B535-A78DA68BA156}.Debug|Mixed Platforms.ActiveCfg = Debug|x64
		{B8045239-6597-4E1D-B535-A78DA68BA156}.Debug|Mixed Platforms.Build.0 = Debug|x64
		{B8045239-6597-4E1D-B535-A78DA68BA156}.Debug|Win32.ActiveCfg = Debug|Win32
		{B8045239-6597-4E1D-B535-A78DA68BA156}.Debug|Win32.Build.0 = Debug|Win32
		{B8045239-6597-4E1D-B535-A78DA68BA156}.Debug|x64.ActiveCfg = Debug|x64
		{B8045239-6597-4E1D-B535-A78DA68BA156}.Debug|x64.Build.0 = Debug|x64
		{B8045239-6597-4E1D-B535-A78DA68BA156}.DLL ASM Debug|Any CPU.ActiveCfg = Debug|Win32
		{B8045239-6597-4E1D-B535-A78DA68BA156}.DLL ASM Debug|Mixed Platforms.ActiveCfg = Debug|Win32
		{B8045239-6597-4E1D-B535-A78DA68BA156}.DLL ASM Debug|Mixed Platforms.Build.0 = Debug|Win32
		{B8045239-6597-4E1D-B535-A78DA68BA156}.DLL ASM Debug|Win32.ActiveCfg = Debug|Win32
		{B8045239-6597-4E1D-B535-A78DA68BA156}.DLL ASM Debug|Win32.Build.0 = Debug|Win32
		{B8045239-6597-4E1D-B535-A78DA68BA156}.DLL ASM Debug|x64.ActiveCfg = Debug|Win32
		{B8045239-6597-4E1D-B535-A78DA68BA156}.DLL ASM Release|Any CPU.ActiveCfg = Release|Win32
		{B8045239-6597-4E1D-B535-A78DA68BA156}.DLL ASM Release|Mixed Platforms.ActiveCfg = Release|Win32
		{B8045239-6597-4E1D-B535-A78DA68BA156}.DLL ASM Release|Mixed Platforms.Build.0 = Release|Win32
		{B8045239-6597-4E1D-B535-A78DA68BA156}.DLL ASM Release|Win32.ActiveCfg = Release|Win32
		{B8045239-6597-4E1D-B535-A78DA68BA156}.DLL ASM Release|Win32.Build.0 = Release|Win32
		{B8045239-6597-4E1D-B535-A78DA68BA156}.DLL ASM Release|x64.ActiveCfg = Release|Win32
		{B8045239-6597-4E1D-B535-A78DA68BA156}.DLL Debug|Any CPU.ActiveCfg = Debug|Win32
		{B8045239-6597-4E1D-B535-A78DA68BA156}.DLL Debug|Mixed Platforms.ActiveCfg = Debug|Win32
		{B8045239-6597-4E1D-B535-A78DA68BA156}.DLL Debug|Mixed Platforms.Build.0 = Debug|Win32
		{B8045239-6597-4E1D-B535-A78DA68BA156}.DLL Debug|Win32.ActiveCfg = Debug|Win32
		{B8045239-6597-4E1D-B535-A78DA68BA156}.DLL Debug|Win32.Build.0 = Debug|Win32
		{B8045239-6597-4E1D-B535-A78DA68BA156}.DLL Debug|x64.ActiveCfg = Debug|Win32
		{B8045239-6597-4E1D-B535-A78DA68BA156}.DLL Release|Any CPU.ActiveCfg = Release|Win32
		{B8045239-6597-4E1D-B535-A78DA68BA156}.DLL Release|Mixed Platforms.ActiveCfg = Release|Win32
		{B8045239-6597-4E1D-B535-A78DA68BA156}.DLL Release|Mixed Platforms.Build.0 = Release|Win32
		{B8045239-6597-4E1D-B535-A78DA68BA156}.DLL Release|Win32.ActiveCfg = Release|Win32
		{B8045239-6597-4E1D-B535-A78DA68BA156}.DLL Release|Win32.Build.0 = Release|Win32
		{B8045239-6597-4E1D-B535-A78DA68BA156}.DLL Release|x64.ActiveCfg = Release|Win32
		{B8045239-6597-4E1D-B535-A78DA68BA156}.EmbeddedDebug|Any CPU.ActiveCfg = EmbeddedDebug|Win32
		{B8045239-6597-4E1D-B535-A78DA68BA156}.EmbeddedDebug|Mixed Platforms.ActiveCfg = EmbeddedDebug|Win32
		{B8045239-6597-4E1D-B535-A78DA68BA156}.EmbeddedDebug|Mixed Platforms.Build.0 = EmbeddedDebug|Win32
		{B8045239-6597-4E1D-B535-A78DA68BA156}.EmbeddedDebug|Win32.ActiveCfg = EmbeddedDebug|Win32
		{B8045239-6597-4E1D-B535-A78DA68BA156}.EmbeddedDebug|Win32.Build.0 = EmbeddedDebug|Win32
		{B8045239-6597-4E1D-B535-A78DA68BA156}.EmbeddedDebug|x64.ActiveCfg = EmbeddedDebug|Win32
		{B8045239-6597-4E1D-B535-A78DA68BA156}.EmbeddedRelease|Any CPU.ActiveCfg = EmbeddedRelease|Win32
		{B8045239-6597-4E1D-B535-A78DA68BA156}.EmbeddedRelease|Mixed Platforms.ActiveCfg = EmbeddedRelease|Win32
		{B8045239-6597-4E1D-B535-A78DA68BA156}.EmbeddedRelease|Mixed Platforms.Build.0 = EmbeddedRelease|Win32
		{B8045239-6597-4E1D-B535-A78DA68BA156}.EmbeddedRelease|Win32.ActiveCfg = EmbeddedRelease|Win32
		{B8045239-6597-4E1D-B535-A78DA68BA156}.EmbeddedRelease|Win32.Build.0 = EmbeddedRelease|Win32
		{B8045239-6597-4E1D-B535-A78DA68BA156}.EmbeddedRelease|x64.ActiveCfg = EmbeddedRelease|Win32
		{B8045239-6597-4E1D-B535-A78DA68BA156}.LIB ASM Debug|Any CPU.ActiveCfg = Debug|Win32
		{B8045239-6597-4E1D-B535-A78DA68BA156}.LIB ASM Debug|Mixed Platforms.ActiveCfg = Debug|Win32
		{B8045239-6597-4E1D-B535-A78DA68BA156}.LIB ASM Debug|Mixed Platforms.Build.0 = Debug|Win32
		{B8045239-6597-4E1D-B535-A78DA68BA156}.LIB ASM Debug|Win32.ActiveCfg = Debug|Win32
		{B8045239-6597-4E1D-B535-A78DA68BA156}.LIB ASM Debug|Win32.Build.0 = Debug|Win32
		{B8045239-6597-4E1D-B535-A78DA68BA156}.LIB ASM Debug|x64.ActiveCfg = Debug|Win32
		{B8045239-6597-4E1D-B535-A78DA68BA156}.LIB ASM Release|Any CPU.ActiveCfg = Release|Win32
		{B8045239-6597-4E1D-B535-A78DA68BA156}.LIB ASM Release|Mixed Platforms.ActiveCfg = Release|Win32
		{B8045239-6597-4E1D-B535-A78DA68BA156}.LIB ASM Release|Mixed Platforms.Build.0 = Release|Win32
		{B8045239-6597-4E1D-B535-A78DA68BA156}.LIB ASM Release|Win32.ActiveCfg = Release|Win32
		{B8045239-6597-4E1D-B535-A78DA68BA156}.LIB ASM Release|Win32.Build.0 = Release|Win32
		{B8045239-6597-4E1D-B535-A78DA68BA156}.LIB ASM Release|x64.ActiveCfg = Release|Win32
		{B8045239-6597-4E1D-B535-A78DA68BA156}.LIB Debug|Any CPU.ActiveCfg = Debug|Win32
		{B8045239-6597-4E1D-B535-A78DA68BA156}.LIB Debug|Mixed Platforms.ActiveCfg = Debug|Win32
		{B8045239-6597-4E1D-B535-A78DA68BA156}.LIB Debug|Mixed Platforms.Build.0 = Debug|Win32
		{B8045239-6597-4E1D-B535-A78DA68BA156}.LIB Debug|Win32.ActiveCfg = Debug|Win32
		{B8045239-6597-4E1D-B535-A78DA68BA156}.LIB Debug|Win32.Build.0 = Debug|Win32
		{B8045239-6597-4E1D-B535-A78DA68BA156}.LIB Debug|x64.ActiveCfg = Debug|Win32
		{B8045239-6597-4E1D-B535-A78DA68BA156}.LIB Release|Any CPU.ActiveCfg = Release|Win32
		{B8045239-6597-4E1D-B535-A78DA68BA156}.LIB Release|Mixed Platforms.ActiveCfg = Release|Win32
		{B8045239-6597-4E1D-B535-A78DA68BA156}.LIB Release|Mixed Platforms.Build.0 = Release|Win32
		{B8045239-6597-4E1D-B535-A78DA68BA156}.LIB Release|Win32.ActiveCfg = Release|Win32
		{B8045239-6597-4E1D-B535-A78DA68BA156}.LIB Release|Win32.Build.0 = Release|Win32
		{B8045239-6597-4E1D-B535-A78DA68BA156}.LIB Release|x64.ActiveCfg = Release|Win32
		{B8045239-6597-4E1D-B535-A78DA68BA156}.Release|Any CPU.ActiveCfg = Release|Win32
		{B8045239-6597-4E1D-B535-A78DA68BA156}.Release|Mixed Platforms.ActiveCfg = Release|x64
		{B8045239-6597-4E1D-B535-A78DA68BA156}.Release|Mixed Platforms.Build.0 = Release|x64
		{B8045239-6597-4E1D-B535-A78DA68BA156}.Release|Win32.ActiveCfg = Release|Win32
		{B8045239-6597-4E1D-B535-A78DA68BA156}.Release|Win32.Build.0 = Release|Win32
		{B8045239-6597-4E1D-B535-A78DA68BA156}.Release|x64.ActiveCfg = Release|x64
		{B8045239-6597-4E1D-B535-A78DA68BA156}.Release|x64.Build.0 = Release|x64
		{17CA3314-D7A7-43B1-BA35-CD4AF6420534}.Debug|Any CPU.ActiveCfg = Debug|Win32
		{17CA3314-D7A7-43B1-BA35-CD4AF6420534}.Debug|Mixed Platforms.ActiveCfg = Debug|x64
		{17CA3314-D7A7-43B1-BA35-CD4AF6420534}.Debug|Mixed Platforms.Build.0 = Debug|x64
		{17CA3314-D7A7-43B1-BA35-CD4AF6420534}.Debug|Win32.ActiveCfg = Debug|Win32
		{17CA3314-D7A7-43B1-BA35-CD4AF6420534}.Debug|Win32.Build.0 = Debug|Win32
		{17CA3314-D7A7-43B1-BA35-CD4AF6420534}.Debug|x64.ActiveCfg = Debug|x64
		{17CA3314-D7A7-43B1-BA35-CD4AF6420534}.DLL ASM Debug|Any CPU.ActiveCfg = Release|x64
		{17CA3314-D7A7-43B1-BA35-CD4AF6420534}.DLL ASM Debug|Any CPU.Build.0 = Release|x64
		{17CA3314-D7A7-43B1-BA35-CD4AF6420534}.DLL ASM Debug|Mixed Platforms.ActiveCfg = Debug|Win32
		{17CA3314-D7A7-43B1-BA35-CD4AF6420534}.DLL ASM Debug|Mixed Platforms.Build.0 = Debug|Win32
		{17CA3314-D7A7-43B1-BA35-CD4AF6420534}.DLL ASM Debug|Win32.ActiveCfg = Debug|Win32
		{17CA3314-D7A7-43B1-BA35-CD4AF6420534}.DLL ASM Debug|Win32.Build.0 = Debug|Win32
		{17CA3314-D7A7-43B1-BA35-CD4AF6420534}.DLL ASM Debug|x64.ActiveCfg = Debug|x64
		{17CA3314-D7A7-43B1-BA35-CD4AF6420534}.DLL ASM Debug|x64.Build.0 = Debug|x64
		{17CA3314-D7A7-43B1-BA35-CD4AF6420534}.DLL ASM Release|Any CPU.ActiveCfg = Release|x64
		{17CA3314-D7A7-43B1-BA35-CD4AF6420534}.DLL ASM Release|Any CPU.Build.0 = Release|x64
		{17CA3314-D7A7-43B1-BA35-CD4AF6420534}.DLL ASM Release|Mixed Platforms.ActiveCfg = Release|Win32
		{17CA3314-D7A7-43B1-BA35-CD4AF6420534}.DLL ASM Release|Mixed Platforms.Build.0 = Release|Win32
		{17CA3314-D7A7-43B1-BA35-CD4AF6420534}.DLL ASM Release|Win32.ActiveCfg = Release|Win32
		{17CA3314-D7A7-43B1-BA35-CD4AF6420534}.DLL ASM Release|Win32.Build.0 = Release|Win32
		{17CA3314-D7A7-43B1-BA35-CD4AF6420534}.DLL ASM Release|x64.ActiveCfg = Release|x64
		{17CA3314-D7A7-43B1-BA35-CD4AF6420534}.DLL ASM Release|x64.Build.0 = Release|x64
		{17CA3314-D7A7-43B1-BA35-CD4AF6420534}.DLL Debug|Any CPU.ActiveCfg = Release|x64
		{17CA3314-D7A7-43B1-BA35-CD4AF6420534}.DLL Debug|Any CPU.Build.0 = Release|x64
		{17CA3314-D7A7-43B1-BA35-CD4AF6420534}.DLL Debug|Mixed Platforms.ActiveCfg = Debug|Win32
		{17CA3314-D7A7-43B1-BA35-CD4AF6420534}.DLL Debug|Mixed Platforms.Build.0 = Debug|Win32
		{17CA3314-D7A7-43B1-BA35-CD4AF6420534}.DLL Debug|Win32.ActiveCfg = Debug|Win32
		{17CA3314-D7A7-43B1-BA35-CD4AF6420534}.DLL Debug|Win32.Build.0 = Debug|Win32
		{17CA3314-D7A7-43B1-BA35-CD4AF6420534}.DLL Debug|x64.ActiveCfg = Debug|x64
		{17CA3314-D7A7-43B1-BA35-CD4AF6420534}.DLL Debug|x64.Build.0 = Debug|x64
		{17CA3314-D7A7-43B1-BA35-CD4AF6420534}.DLL Release|Any CPU.ActiveCfg = Release|x64
		{17CA3314-D7A7-43B1-BA35-CD4AF6420534}.DLL Release|Any CPU.Build.0 = Release|x64
		{17CA3314-D7A7-43B1-BA35-CD4AF6420534}.DLL Release|Mixed Platforms.ActiveCfg = Release|Win32
		{17CA3314-D7A7-43B1-BA35-CD4AF6420534}.DLL Release|Mixed Platforms.Build.0 = Release|Win32
		{17CA3314-D7A7-43B1-BA35-CD4AF6420534}.DLL Release|Win32.ActiveCfg = Release|Win32
		{17CA3314-D7A7-43B1-BA35-CD4AF6420534}.DLL Release|Win32.Build.0 = Release|Win32
		{17CA3314-D7A7-43B1-BA35-CD4AF6420534}.DLL Release|x64.ActiveCfg = Release|x64
		{17CA3314-D7A7-43B1-BA35-CD4AF6420534}.DLL Release|x64.Build.0 = Release|x64
		{17CA3314-D7A7-43B1-BA35-CD4AF6420534}.EmbeddedDebug|Any CPU.ActiveCfg = Release|x64
		{17CA3314-D7A7-43B1-BA35-CD4AF6420534}.EmbeddedDebug|Any CPU.Build.0 = Release|x64
		{17CA3314-D7A7-43B1-BA35-CD4AF6420534}.EmbeddedDebug|Mixed Platforms.ActiveCfg = Debug|Win32
		{17CA3314-D7A7-43B1-BA35-CD4AF6420534}.EmbeddedDebug|Mixed Platforms.Build.0 = Debug|Win32
		{17CA3314-D7A7-43B1-BA35-CD4AF6420534}.EmbeddedDebug|Win32.ActiveCfg = Debug|Win32
		{17CA3314-D7A7-43B1-BA35-CD4AF6420534}.EmbeddedDebug|Win32.Build.0 = Debug|Win32
		{17CA3314-D7A7-43B1-BA35-CD4AF6420534}.EmbeddedDebug|x64.ActiveCfg = Debug|x64
		{17CA3314-D7A7-43B1-BA35-CD4AF6420534}.EmbeddedDebug|x64.Build.0 = Debug|x64
		{17CA3314-D7A7-43B1-BA35-CD4AF6420534}.EmbeddedRelease|Any CPU.ActiveCfg = Release|x64
		{17CA3314-D7A7-43B1-BA35-CD4AF6420534}.EmbeddedRelease|Any CPU.Build.0 = Release|x64
		{17CA3314-D7A7-43B1-BA35-CD4AF6420534}.EmbeddedRelease|Mixed Platforms.ActiveCfg = Release|Win32
		{17CA3314-D7A7-43B1-BA35-CD4AF6420534}.EmbeddedRelease|Mixed Platforms.Build.0 = Release|Win32
		{17CA3314-D7A7-43B1-BA35-CD4AF6420534}.EmbeddedRelease|Win32.ActiveCfg = Release|Win32
		{17CA3314-D7A7-43B1-BA35-CD4AF6420534}.EmbeddedRelease|Win32.Build.0 = Release|Win32
		{17CA3314-D7A7-43B1-BA35-CD4AF6420534}.EmbeddedRelease|x64.ActiveCfg = Release|x64
		{17CA3314-D7A7-43B1-BA35-CD4AF6420534}.EmbeddedRelease|x64.Build.0 = Release|x64
		{17CA3314-D7A7-43B1-BA35-CD4AF6420534}.LIB ASM Debug|Any CPU.ActiveCfg = Release|x64
		{17CA3314-D7A7-43B1-BA35-CD4AF6420534}.LIB ASM Debug|Any CPU.Build.0 = Release|x64
		{17CA3314-D7A7-43B1-BA35-CD4AF6420534}.LIB ASM Debug|Mixed Platforms.ActiveCfg = Debug|Win32
		{17CA3314-D7A7-43B1-BA35-CD4AF6420534}.LIB ASM Debug|Mixed Platforms.Build.0 = Debug|Win32
		{17CA3314-D7A7-43B1-BA35-CD4AF6420534}.LIB ASM Debug|Win32.ActiveCfg = Debug|Win32
		{17CA3314-D7A7-43B1-BA35-CD4AF6420534}.LIB ASM Debug|Win32.Build.0 = Debug|Win32
		{17CA3314-D7A7-43B1-BA35-CD4AF6420534}.LIB ASM Debug|x64.ActiveCfg = Debug|x64
		{17CA3314-D7A7-43B1-BA35-CD4AF6420534}.LIB ASM Debug|x64.Build.0 = Debug|x64
		{17CA3314-D7A7-43B1-BA35-CD4AF6420534}.LIB ASM Release|Any CPU.ActiveCfg = Release|x64
		{17CA3314-D7A7-43B1-BA35-CD4AF6420534}.LIB ASM Release|Any CPU.Build.0 = Release|x64
		{17CA3314-D7A7-43B1-BA35-CD4AF6420534}.LIB ASM Release|Mixed Platforms.ActiveCfg = Release|Win32
		{17CA3314-D7A7-43B1-BA35-CD4AF6420534}.LIB ASM Release|Mixed Platforms.Build.0 = Release|Win32
		{17CA3314-D7A7-43B1-BA35-CD4AF6420534}.LIB ASM Release|Win32.ActiveCfg = Release|Win32
		{17CA3314-D7A7-43B1-BA35-CD4AF6420534}.LIB ASM Release|Win32.Build.0 = Release|Win32
		{17CA3314-D7A7-43B1-BA35-CD4AF6420534}.LIB ASM Release|x64.ActiveCfg = Release|x64
		{17CA3314-D7A7-43B1-BA35-CD4AF6420534}.LIB ASM Release|x64.Build.0 = Release|x64
		{17CA3314-D7A7-43B1-BA35-CD4AF6420534}.LIB Debug|Any CPU.ActiveCfg = Release|x64
		{17CA3314-D7A7-43B1-BA35-CD4AF6420534}.LIB Debug|Any CPU.Build.0 = Release|x64
		{17CA3314-D7A7-43B1-BA35-CD4AF6420534}.LIB Debug|Mixed Platforms.ActiveCfg = Debug|Win32
		{17CA3314-D7A7-43B1-BA35-CD4AF6420534}.LIB Debug|Mixed Platforms.Build.0 = Debug|Win32
		{17CA3314-D7A7-43B1-BA35-CD4AF6420534}.LIB Debug|Win32.ActiveCfg = Debug|Win32
		{17CA3314-D7A7-43B1-BA35-CD4AF6420534}.LIB Debug|Win32.Build.0 = Debug|Win32
		{17CA3314-D7A7-43B1-BA35-CD4AF6420534}.LIB Debug|x64.ActiveCfg = Debug|x64
		{17CA3314-D7A7-43B1-BA35-CD4AF6420534}.LIB Debug|x64.Build.0 = Debug|x64
		{17CA3314-D7A7-43B1-BA35-CD4AF6420534}.LIB Release|Any CPU.ActiveCfg = Release|x64
		{17CA3314-D7A7-43B1-BA35-CD4AF6420534}.LIB Release|Any CPU.Build.0 = Release|x64
		{17CA3314-D7A7-43B1-BA35-CD4AF6420534}.LIB Release|Mixed Platforms.ActiveCfg = Release|Win32
		{17CA3314-D7A7-43B1-BA35-CD4AF6420534}.LIB Release|Mixed Platforms.Build.0 = Release|Win32
		{17CA3314-D7A7-43B1-BA35-CD4AF6420534}.LIB Release|Win32.ActiveCfg = Release|Win32
		{17CA3314-D7A7-43B1-BA35-CD4AF6420534}.LIB Release|Win32.Build.0 = Release|Win32
		{17CA3314-D7A7-43B1-BA35-CD4AF6420534}.LIB Release|x64.ActiveCfg = Release|x64
		{17CA3314-D7A7-43B1-BA35-CD4AF6420534}.LIB Release|x64.Build.0 = Release|x64
		{17CA3314-D7A7-43B1-BA35-CD4AF6420534}.Release|Any CPU.ActiveCfg = Release|Win32
		{17CA3314-D7A7-43B1-BA35-CD4AF6420534}.Release|Mixed Platforms.ActiveCfg = Release|Win32
		{17CA3314-D7A7-43B1-BA35-CD4AF6420534}.Release|Mixed Platforms.Build.0 = Release|Win32
		{17CA3314-D7A7-43B1-BA35-CD4AF6420534}.Release|Win32.ActiveCfg = Release|Win32
		{17CA3314-D7A7-43B1-BA35-CD4AF6420534}.Release|Win32.Build.0 = Release|Win32
		{17CA3314-D7A7-43B1-BA35-CD4AF6420534}.Release|x64.ActiveCfg = Release|x64
		{5B5EC7AE-BB81-4032-B510-3693221BC716}.Debug|Any CPU.ActiveCfg = Debug|Win32
		{5B5EC7AE-BB81-4032-B510-3693221BC716}.Debug|Mixed Platforms.ActiveCfg = Debug|x64
		{5B5EC7AE-BB81-4032-B510-3693221BC716}.Debug|Mixed Platforms.Build.0 = Debug|x64
		{5B5EC7AE-BB81-4032-B510-3693221BC716}.Debug|Win32.ActiveCfg = Debug|Win32
		{5B5EC7AE-BB81-4032-B510-3693221BC716}.Debug|Win32.Build.0 = Debug|Win32
		{5B5EC7AE-BB81-4032-B510-3693221BC716}.Debug|x64.ActiveCfg = Debug|x64
		{5B5EC7AE-BB81-4032-B510-3693221BC716}.Debug|x64.Build.0 = Debug|x64
		{5B5EC7AE-BB81-4032-B510-3693221BC716}.DLL ASM Debug|Any CPU.ActiveCfg = Release|x64
		{5B5EC7AE-BB81-4032-B510-3693221BC716}.DLL ASM Debug|Any CPU.Build.0 = Release|x64
		{5B5EC7AE-BB81-4032-B510-3693221BC716}.DLL ASM Debug|Mixed Platforms.ActiveCfg = Debug|Win32
		{5B5EC7AE-BB81-4032-B510-3693221BC716}.DLL ASM Debug|Mixed Platforms.Build.0 = Debug|Win32
		{5B5EC7AE-BB81-4032-B510-3693221BC716}.DLL ASM Debug|Win32.ActiveCfg = Debug|Win32
		{5B5EC7AE-BB81-4032-B510-3693221BC716}.DLL ASM Debug|Win32.Build.0 = Debug|Win32
		{5B5EC7AE-BB81-4032-B510-3693221BC716}.DLL ASM Debug|x64.ActiveCfg = Debug|x64
		{5B5EC7AE-BB81-4032-B510-3693221BC716}.DLL ASM Debug|x64.Build.0 = Debug|x64
		{5B5EC7AE-BB81-4032-B510-3693221BC716}.DLL ASM Release|Any CPU.ActiveCfg = Release|x64
		{5B5EC7AE-BB81-4032-B510-3693221BC716}.DLL ASM Release|Any CPU.Build.0 = Release|x64
		{5B5EC7AE-BB81-4032-B510-3693221BC716}.DLL ASM Release|Mixed Platforms.ActiveCfg = Release|Win32
		{5B5EC7AE-BB81-4032-B510-3693221BC716}.DLL ASM Release|Mixed Platforms.Build.0 = Release|Win32
		{5B5EC7AE-BB81-4032-B510-3693221BC716}.DLL ASM Release|Win32.ActiveCfg = Release|Win32
		{5B5EC7AE-BB81-4032-B510-3693221BC716}.DLL ASM Release|Win32.Build.0 = Release|Win32
		{5B5EC7AE-BB81-4032-B510-3693221BC716}.DLL ASM Release|x64.ActiveCfg = Release|x64
		{5B5EC7AE-BB81-4032-B510-3693221BC716}.DLL ASM Release|x64.Build.0 = Release|x64
		{5B5EC7AE-BB81-4032-B510-3693221BC716}.DLL Debug|Any CPU.ActiveCfg = Release|x64
		{5B5EC7AE-BB81-4032-B510-3693221BC716}.DLL Debug|Any CPU.Build.0 = Release|x64
		{5B5EC7AE-BB81-4032-B510-3693221BC716}.DLL Debug|Mixed Platforms.ActiveCfg = Debug|Win32
		{5B5EC7AE-BB81-4032-B510-3693221BC716}.DLL Debug|Mixed Platforms.Build.0 = Debug|Win32
		{5B5EC7AE-BB81-4032-B510-3693221BC716}.DLL Debug|Win32.ActiveCfg = Debug|Win32
		{5B5EC7AE-BB81-4032-B510-3693221BC716}.DLL Debug|Win32.Build.0 = Debug|Win32
		{5B5EC7AE-BB81-4032-B510-3693221BC716}.DLL Debug|x64.ActiveCfg = Debug|x64
		{5B5EC7AE-BB81-4032-B510-3693221BC716}.DLL Debug|x64.Build.0 = Debug|x64
		{5B5EC7AE-BB81-4032-B510-3693221BC716}.DLL Release|Any CPU.ActiveCfg = Release|x64
		{5B5EC7AE-BB81-4032-B510-3693221BC716}.DLL Release|Any CPU.Build.0 = Release|x64
		{5B5EC7AE-BB81-4032-B510-3693221BC716}.DLL Release|Mixed Platforms.ActiveCfg = Release|Win32
		{5B5EC7AE-BB81-4032-B510-3693221BC716}.DLL Release|Mixed Platforms.Build.0 = Release|Win32
		{5B5EC7AE-BB81-4032-B510-3693221BC716}.DLL Release|Win32.ActiveCfg = Release|Win32
		{5B5EC7AE-BB81-4032-B510-3693221BC716}.DLL Release|Win32.Build.0 = Release|Win32
		{5B5EC7AE-BB81-4032-B510-3693221BC716}.DLL Release|x64.ActiveCfg = Release|x64
		{5B5EC7AE-BB81-4032-B510-3693221BC716}.DLL Release|x64.Build.0 = Release|x64
		{5B5EC7AE-BB81-4032-B510-3693221BC716}.EmbeddedDebug|Any CPU.ActiveCfg = Release|x64
		{5B5EC7AE-BB81-4032-B510-3693221BC716}.EmbeddedDebug|Any CPU.Build.0 = Release|x64
		{5B5EC7AE-BB81-4032-B510-3693221BC716}.EmbeddedDebug|Mixed Platforms.ActiveCfg = Debug|Win32
		{5B5EC7AE-BB81-4032-B510-3693221BC716}.EmbeddedDebug|Mixed Platforms.Build.0 = Debug|Win32
		{5B5EC7AE-BB81-4032-B510-3693221BC716}.EmbeddedDebug|Win32.ActiveCfg = Debug|Win32
		{5B5EC7AE-BB81-4032-B510-3693221BC716}.EmbeddedDebug|Win32.Build.0 = Debug|Win32
		{5B5EC7AE-BB81-4032-B510-3693221BC716}.EmbeddedDebug|x64.ActiveCfg = Debug|x64
		{5B5EC7AE-BB81-4032-B510-3693221BC716}.EmbeddedDebug|x64.Build.0 = Debug|x64
		{5B5EC7AE-BB81-4032-B510-3693221BC716}.EmbeddedRelease|Any CPU.ActiveCfg = Release|x64
		{5B5EC7AE-BB81-4032-B510-3693221BC716}.EmbeddedRelease|Any CPU.Build.0 = Release|x64
		{5B5EC7AE-BB81-4032-B510-3693221BC716}.EmbeddedRelease|Mixed Platforms.ActiveCfg = Release|Win32
		{5B5EC7AE-BB81-4032-B510-3693221BC716}.EmbeddedRelease|Mixed Platforms.Build.0 = Release|Win32
		{5B5EC7AE-BB81-4032-B510-3693221BC716}.EmbeddedRelease|Win32.ActiveCfg = Release|Win32
		{5B5EC7AE-BB81-4032-B510-3693221BC716}.EmbeddedRelease|Win32.Build.0 = Release|Win32
		{5B5EC7AE-BB81-4032-B510-3693221BC716}.EmbeddedRelease|x64.ActiveCfg = Release|x64
		{5B5EC7AE-BB81-4032-B510-3693221BC716}.EmbeddedRelease|x64.Build.0 = Release|x64
		{5B5EC7AE-BB81-4032-B510-3693221BC716}.LIB ASM Debug|Any CPU.ActiveCfg = Release|x64
		{5B5EC7AE-BB81-4032-B510-3693221BC716}.LIB ASM Debug|Any CPU.Build.0 = Release|x64
		{5B5EC7AE-BB81-4032-B510-3693221BC716}.LIB ASM Debug|Mixed Platforms.ActiveCfg = Debug|Win32
		{5B5EC7AE-BB81-4032-B510-3693221BC716}.LIB ASM Debug|Mixed Platforms.Build.0 = Debug|Win32
		{5B5EC7AE-BB81-4032-B510-3693221BC716}.LIB ASM Debug|Win32.ActiveCfg = Debug|Win32
		{5B5EC7AE-BB81-4032-B510-3693221BC716}.LIB ASM Debug|Win32.Build.0 = Debug|Win32
		{5B5EC7AE-BB81-4032-B510-3693221BC716}.LIB ASM Debug|x64.ActiveCfg = Debug|x64
		{5B5EC7AE-BB81-4032-B510-3693221BC716}.LIB ASM Debug|x64.Build.0 = Debug|x64
		{5B5EC7AE-BB81-4032-B510-3693221BC716}.LIB ASM Release|Any CPU.ActiveCfg = Release|x64
		{5B5EC7AE-BB81-4032-B510-3693221BC716}.LIB ASM Release|Any CPU.Build.0 = Release|x64
		{5B5EC7AE-BB81-4032-B510-3693221BC716}.LIB ASM Release|Mixed Platforms.ActiveCfg = Release|Win32
		{5B5EC7AE-BB81-4032-B510-3693221BC716}.LIB ASM Release|Mixed Platforms.Build.0 = Release|Win32
		{5B5EC7AE-BB81-4032-B510-3693221BC716}.LIB ASM Release|Win32.ActiveCfg = Release|Win32
		{5B5EC7AE-BB81-4032-B510-3693221BC716}.LIB ASM Release|Win32.Build.0 = Release|Win32
		{5B5EC7AE-BB81-4032-B510-3693221BC716}.LIB ASM Release|x64.ActiveCfg = Release|x64
		{5B5EC7AE-BB81-4032-B510-3693221BC716}.LIB ASM Release|x64.Build.0 = Release|x64
		{5B5EC7AE-BB81-4032-B510-3693221BC716}.LIB Debug|Any CPU.ActiveCfg = Release|x64
		{5B5EC7AE-BB81-4032-B510-3693221BC716}.LIB Debug|Any CPU.Build.0 = Release|x64
		{5B5EC7AE-BB81-4032-B510-3693221BC716}.LIB Debug|Mixed Platforms.ActiveCfg = Debug|Win32
		{5B5EC7AE-BB81-4032-B510-3693221BC716}.LIB Debug|Mixed Platforms.Build.0 = Debug|Win32
		{5B5EC7AE-BB81-4032-B510-3693221BC716}.LIB Debug|Win32.ActiveCfg = Debug|Win32
		{5B5EC7AE-BB81-4032-B510-3693221BC716}.LIB Debug|Win32.Build.0 = Debug|Win32
		{5B5EC7AE-BB81-4032-B510-3693221BC716}.LIB Debug|x64.ActiveCfg = Debug|x64
		{5B5EC7AE-BB81-4032-B510-3693221BC716}.LIB Debug|x64.Build.0 = Debug|x64
		{5B5EC7AE-BB81-4032-B510-3693221BC716}.LIB Release|Any CPU.ActiveCfg = Release|x64
		{5B5EC7AE-BB81-4032-B510-3693221BC716}.LIB Release|Any CPU.Build.0 = Release|x64
		{5B5EC7AE-BB81-4032-B510-3693221BC716}.LIB Release|Mixed Platforms.ActiveCfg = Release|Win32
		{5B5EC7AE-BB81-4032-B510-3693221BC716}.LIB Release|Mixed Platforms.Build.0 = Release|Win32
		{5B5EC7AE-BB81-4032-B510-3693221BC716}.LIB Release|Win32.ActiveCfg = Release|Win32
		{5B5EC7AE-BB81-4032-B510-3693221BC716}.LIB Release|Win32.Build.0 = Release|Win32
		{5B5EC7AE-BB81-4032-B510-3693221BC716}.LIB Release|x64.ActiveCfg = Release|x64
		{5B5EC7AE-BB81-4032-B510-3693221BC716}.LIB Release|x64.Build.0 = Release|x64
		{5B5EC7AE-BB81-4032-B510-3693221BC716}.Release|Any CPU.ActiveCfg = Release|Win32
		{5B5EC7AE-BB81-4032-B510-3693221BC716}.Release|Mixed Platforms.ActiveCfg = Release|Win32
		{5B5EC7AE-BB81-4032-B510-3693221BC716}.Release|Mixed Platforms.Build.0 = Release|Win32
		{5B5EC7AE-BB81-4032-B510-3693221BC716}.Release|Win32.ActiveCfg = Release|Win32
		{5B5EC7AE-BB81-4032-B510-3693221BC716}.Release|Win32.Build.0 = Release|Win32
		{5B5EC7AE-BB81-4032-B510-3693221BC716}.Release|x64.ActiveCfg = Release|x64
		{5B5EC7AE-BB81-4032-B510-3693221BC716}.Release|x64.Build.0 = Release|x64
		{583C3AAE-2426-43DE-B7CE-ECB9BB888DD6}.Debug|Any CPU.ActiveCfg = Debug|Win32
		{583C3AAE-2426-43DE-B7CE-ECB9BB888DD6}.Debug|Mixed Platforms.ActiveCfg = Debug|Win32
		{583C3AAE-2426-43DE-B7CE-ECB9BB888DD6}.Debug|Mixed Platforms.Build.0 = Debug|Win32
		{583C3AAE-2426-43DE-B7CE-ECB9BB888DD6}.Debug|Win32.ActiveCfg = Debug|Win32
		{583C3AAE-2426-43DE-B7CE-ECB9BB888DD6}.Debug|Win32.Build.0 = Debug|Win32
		{583C3AAE-2426-43DE-B7CE-ECB9BB888DD6}.Debug|x64.ActiveCfg = Debug|x64
		{583C3AAE-2426-43DE-B7CE-ECB9BB888DD6}.Debug|x64.Build.0 = Debug|x64
		{583C3AAE-2426-43DE-B7CE-ECB9BB888DD6}.DLL ASM Debug|Any CPU.ActiveCfg = Release|x64
		{583C3AAE-2426-43DE-B7CE-ECB9BB888DD6}.DLL ASM Debug|Any CPU.Build.0 = Release|x64
		{583C3AAE-2426-43DE-B7CE-ECB9BB888DD6}.DLL ASM Debug|Mixed Platforms.ActiveCfg = Debug|Win32
		{583C3AAE-2426-43DE-B7CE-ECB9BB888DD6}.DLL ASM Debug|Mixed Platforms.Build.0 = Debug|Win32
		{583C3AAE-2426-43DE-B7CE-ECB9BB888DD6}.DLL ASM Debug|Win32.ActiveCfg = Debug|Win32
		{583C3AAE-2426-43DE-B7CE-ECB9BB888DD6}.DLL ASM Debug|Win32.Build.0 = Debug|Win32
		{583C3AAE-2426-43DE-B7CE-ECB9BB888DD6}.DLL ASM Debug|x64.ActiveCfg = Debug|x64
		{583C3AAE-2426-43DE-B7CE-ECB9BB888DD6}.DLL ASM Debug|x64.Build.0 = Debug|x64
		{583C3AAE-2426-43DE-B7CE-ECB9BB888DD6}.DLL ASM Release|Any CPU.ActiveCfg = Release|x64
		{583C3AAE-2426-43DE-B7CE-ECB9BB888DD6}.DLL ASM Release|Any CPU.Build.0 = Release|x64
		{583C3AAE-2426-43DE-B7CE-ECB9BB888DD6}.DLL ASM Release|Mixed Platforms.ActiveCfg = Release|Win32
		{583C3AAE-2426-43DE-B7CE-ECB9BB888DD6}.DLL ASM Release|Mixed Platforms.Build.0 = Release|Win32
		{583C3AAE-2426-43DE-B7CE-ECB9BB888DD6}.DLL ASM Release|Win32.ActiveCfg = Release|Win32
		{583C3AAE-2426-43DE-B7CE-ECB9BB888DD6}.DLL ASM Release|Win32.Build.0 = Release|Win32
		{583C3AAE-2426-43DE-B7CE-ECB9BB888DD6}.DLL ASM Release|x64.ActiveCfg = Release|x64
		{583C3AAE-2426-43DE-B7CE-ECB9BB888DD6}.DLL ASM Release|x64.Build.0 = Release|x64
		{583C3AAE-2426-43DE-B7CE-ECB9BB888DD6}.DLL Debug|Any CPU.ActiveCfg = Release|x64
		{583C3AAE-2426-43DE-B7CE-ECB9BB888DD6}.DLL Debug|Any CPU.Build.0 = Release|x64
		{583C3AAE-2426-43DE-B7CE-ECB9BB888DD6}.DLL Debug|Mixed Platforms.ActiveCfg = Debug|Win32
		{583C3AAE-2426-43DE-B7CE-ECB9BB888DD6}.DLL Debug|Mixed Platforms.Build.0 = Debug|Win32
		{583C3AAE-2426-43DE-B7CE-ECB9BB888DD6}.DLL Debug|Win32.ActiveCfg = Debug|Win32
		{583C3AAE-2426-43DE-B7CE-ECB9BB888DD6}.DLL Debug|Win32.Build.0 = Debug|Win32
		{583C3AAE-2426-43DE-B7CE-ECB9BB888DD6}.DLL Debug|x64.ActiveCfg = Debug|x64
		{583C3AAE-2426-43DE-B7CE-ECB9BB888DD6}.DLL Debug|x64.Build.0 = Debug|x64
		{583C3AAE-2426-43DE-B7CE-ECB9BB888DD6}.DLL Release|Any CPU.ActiveCfg = Release|x64
		{583C3AAE-2426-43DE-B7CE-ECB9BB888DD6}.DLL Release|Any CPU.Build.0 = Release|x64
		{583C3AAE-2426-43DE-B7CE-ECB9BB888DD6}.DLL Release|Mixed Platforms.ActiveCfg = Release|Win32
		{583C3AAE-2426-43DE-B7CE-ECB9BB888DD6}.DLL Release|Mixed Platforms.Build.0 = Release|Win32
		{583C3AAE-2426-43DE-B7CE-ECB9BB888DD6}.DLL Release|Win32.ActiveCfg = Release|Win32
		{583C3AAE-2426-43DE-B7CE-ECB9BB888DD6}.DLL Release|Win32.Build.0 = Release|Win32
		{583C3AAE-2426-43DE-B7CE-ECB9BB888DD6}.DLL Release|x64.ActiveCfg = Release|x64
		{583C3AAE-2426-43DE-B7CE-ECB9BB888DD6}.DLL Release|x64.Build.0 = Release|x64
		{583C3AAE-2426-43DE-B7CE-ECB9BB888DD6}.EmbeddedDebug|Any CPU.ActiveCfg = Release|x64
		{583C3AAE-2426-43DE-B7CE-ECB9BB888DD6}.EmbeddedDebug|Any CPU.Build.0 = Release|x64
		{583C3AAE-2426-43DE-B7CE-ECB9BB888DD6}.EmbeddedDebug|Mixed Platforms.ActiveCfg = Debug|Win32
		{583C3AAE-2426-43DE-B7CE-ECB9BB888DD6}.EmbeddedDebug|Mixed Platforms.Build.0 = Debug|Win32
		{583C3AAE-2426-43DE-B7CE-ECB9BB888DD6}.EmbeddedDebug|Win32.ActiveCfg = Debug|Win32
		{583C3AAE-2426-43DE-B7CE-ECB9BB888DD6}.EmbeddedDebug|Win32.Build.0 = Debug|Win32
		{583C3AAE-2426-43DE-B7CE-ECB9BB888DD6}.EmbeddedDebug|x64.ActiveCfg = Debug|x64
		{583C3AAE-2426-43DE-B7CE-ECB9BB888DD6}.EmbeddedDebug|x64.Build.0 = Debug|x64
		{583C3AAE-2426-43DE-B7CE-ECB9BB888DD6}.EmbeddedRelease|Any CPU.ActiveCfg = Release|x64
		{583C3AAE-2426-43DE-B7CE-ECB9BB888DD6}.EmbeddedRelease|Any CPU.Build.0 = Release|x64
		{583C3AAE-2426-43DE-B7CE-ECB9BB888DD6}.EmbeddedRelease|Mixed Platforms.ActiveCfg = Release|Win32
		{583C3AAE-2426-43DE-B7CE-ECB9BB888DD6}.EmbeddedRelease|Mixed Platforms.Build.0 = Release|Win32
		{583C3AAE-2426-43DE-B7CE-ECB9BB888DD6}.EmbeddedRelease|Win32.ActiveCfg = Release|Win32
		{583C3AAE-2426-43DE-B7CE-ECB9BB888DD6}.EmbeddedRelease|Win32.Build.0 = Release|Win32
		{583C3AAE-2426-43DE-B7CE-ECB9BB888DD6}.EmbeddedRelease|x64.ActiveCfg = Release|x64
		{583C3AAE-2426-43DE-B7CE-ECB9BB888DD6}.EmbeddedRelease|x64.Build.0 = Release|x64
		{583C3AAE-2426-43DE-B7CE-ECB9BB888DD6}.LIB ASM Debug|Any CPU.ActiveCfg = Release|x64
		{583C3AAE-2426-43DE-B7CE-ECB9BB888DD6}.LIB ASM Debug|Any CPU.Build.0 = Release|x64
		{583C3AAE-2426-43DE-B7CE-ECB9BB888DD6}.LIB ASM Debug|Mixed Platforms.ActiveCfg = Debug|Win32
		{583C3AAE-2426-43DE-B7CE-ECB9BB888DD6}.LIB ASM Debug|Mixed Platforms.Build.0 = Debug|Win32
		{583C3AAE-2426-43DE-B7CE-ECB9BB888DD6}.LIB ASM Debug|Win32.ActiveCfg = Debug|Win32
		{583C3AAE-2426-43DE-B7CE-ECB9BB888DD6}.LIB ASM Debug|Win32.Build.0 = Debug|Win32
		{583C3AAE-2426-43DE-B7CE-ECB9BB888DD6}.LIB ASM Debug|x64.ActiveCfg = Debug|x64
		{583C3AAE-2426-43DE-B7CE-ECB9BB888DD6}.LIB ASM Debug|x64.Build.0 = Debug|x64
		{583C3AAE-2426-43DE-B7CE-ECB9BB888DD6}.LIB ASM Release|Any CPU.ActiveCfg = Release|x64
		{583C3AAE-2426-43DE-B7CE-ECB9BB888DD6}.LIB ASM Release|Any CPU.Build.0 = Release|x64
		{583C3AAE-2426-43DE-B7CE-ECB9BB888DD6}.LIB ASM Release|Mixed Platforms.ActiveCfg = Release|Win32
		{583C3AAE-2426-43DE-B7CE-ECB9BB888DD6}.LIB ASM Release|Mixed Platforms.Build.0 = Release|Win32
		{583C3AAE-2426-43DE-B7CE-ECB9BB888DD6}.LIB ASM Release|Win32.ActiveCfg = Release|Win32
		{583C3AAE-2426-43DE-B7CE-ECB9BB888DD6}.LIB ASM Release|Win32.Build.0 = Release|Win32
		{583C3AAE-2426-43DE-B7CE-ECB9BB888DD6}.LIB ASM Release|x64.ActiveCfg = Release|x64
		{583C3AAE-2426-43DE-B7CE-ECB9BB888DD6}.LIB ASM Release|x64.Build.0 = Release|x64
		{583C3AAE-2426-43DE-B7CE-ECB9BB888DD6}.LIB Debug|Any CPU.ActiveCfg = Release|x64
		{583C3AAE-2426-43DE-B7CE-ECB9BB888DD6}.LIB Debug|Any CPU.Build.0 = Release|x64
		{583C3AAE-2426-43DE-B7CE-ECB9BB888DD6}.LIB Debug|Mixed Platforms.ActiveCfg = Debug|Win32
		{583C3AAE-2426-43DE-B7CE-ECB9BB888DD6}.LIB Debug|Mixed Platforms.Build.0 = Debug|Win32
		{583C3AAE-2426-43DE-B7CE-ECB9BB888DD6}.LIB Debug|Win32.ActiveCfg = Debug|Win32
		{583C3AAE-2426-43DE-B7CE-ECB9BB888DD6}.LIB Debug|Win32.Build.0 = Debug|Win32
		{583C3AAE-2426-43DE-B7CE-ECB9BB888DD6}.LIB Debug|x64.ActiveCfg = Debug|x64
		{583C3AAE-2426-43DE-B7CE-ECB9BB888DD6}.LIB Debug|x64.Build.0 = Debug|x64
		{583C3AAE-2426-43DE-B7CE-ECB9BB888DD6}.LIB Release|Any CPU.ActiveCfg = Release|x64
		{583C3AAE-2426-43DE-B7CE-ECB9BB888DD6}.LIB Release|Any CPU.Build.0 = Release|x64
		{583C3AAE-2426-43DE-B7CE-ECB9BB888DD6}.LIB Release|Mixed Platforms.ActiveCfg = Release|Win32
		{583C3AAE-2426-43DE-B7CE-ECB9BB888DD6}.LIB Release|Mixed Platforms.Build.0 = Release|Win32
		{583C3AAE-2426-43DE-B7CE-ECB9BB888DD6}.LIB Release|Win32.ActiveCfg = Release|Win32
		{583C3AAE-2426-43DE-B7CE-ECB9BB888DD6}.LIB Release|Win32.Build.0 = Release|Win32
		{583C3AAE-2426-43DE-B7CE-ECB9BB888DD6}.LIB Release|x64.ActiveCfg = Release|x64
		{583C3AAE-2426-43DE-B7CE-ECB9BB888DD6}.LIB Release|x64.Build.0 = Release|x64
		{583C3AAE-2426-43DE-B7CE-ECB9BB888DD6}.Release|Any CPU.ActiveCfg = Release|Win32
		{583C3AAE-2426-43DE-B7CE-ECB9BB888DD6}.Release|Mixed Platforms.ActiveCfg = Release|Win32
		{583C3AAE-2426-43DE-B7CE-ECB9BB888DD6}.Release|Mixed Platforms.Build.0 = Release|Win32
		{583C3AAE-2426-43DE-B7CE-ECB9BB888DD6}.Release|Win32.ActiveCfg = Release|Win32
		{583C3AAE-2426-43DE-B7CE-ECB9BB888DD6}.Release|Win32.Build.0 = Release|Win32
		{583C3AAE-2426-43DE-B7CE-ECB9BB888DD6}.Release|x64.ActiveCfg = Release|x64
		{583C3AAE-2426-43DE-B7CE-ECB9BB888DD6}.Release|x64.Build.0 = Release|x64
		{55695F0D-AF0A-4FBE-B9AC-F73DDFABFEDE}.Debug|Any CPU.ActiveCfg = Debug|Win32
		{55695F0D-AF0A-4FBE-B9AC-F73DDFABFEDE}.Debug|Mixed Platforms.ActiveCfg = Debug|Win32
		{55695F0D-AF0A-4FBE-B9AC-F73DDFABFEDE}.Debug|Mixed Platforms.Build.0 = Debug|Win32
		{55695F0D-AF0A-4FBE-B9AC-F73DDFABFEDE}.Debug|Win32.ActiveCfg = Debug|Win32
		{55695F0D-AF0A-4FBE-B9AC-F73DDFABFEDE}.Debug|Win32.Build.0 = Debug|Win32
		{55695F0D-AF0A-4FBE-B9AC-F73DDFABFEDE}.Debug|x64.ActiveCfg = Debug|x64
		{55695F0D-AF0A-4FBE-B9AC-F73DDFABFEDE}.Debug|x64.Build.0 = Debug|x64
		{55695F0D-AF0A-4FBE-B9AC-F73DDFABFEDE}.DLL ASM Debug|Any CPU.ActiveCfg = Release|x64
		{55695F0D-AF0A-4FBE-B9AC-F73DDFABFEDE}.DLL ASM Debug|Any CPU.Build.0 = Release|x64
		{55695F0D-AF0A-4FBE-B9AC-F73DDFABFEDE}.DLL ASM Debug|Mixed Platforms.ActiveCfg = Debug|Win32
		{55695F0D-AF0A-4FBE-B9AC-F73DDFABFEDE}.DLL ASM Debug|Mixed Platforms.Build.0 = Debug|Win32
		{55695F0D-AF0A-4FBE-B9AC-F73DDFABFEDE}.DLL ASM Debug|Win32.ActiveCfg = Debug|Win32
		{55695F0D-AF0A-4FBE-B9AC-F73DDFABFEDE}.DLL ASM Debug|Win32.Build.0 = Debug|Win32
		{55695F0D-AF0A-4FBE-B9AC-F73DDFABFEDE}.DLL ASM Debug|x64.ActiveCfg = Debug|x64
		{55695F0D-AF0A-4FBE-B9AC-F73DDFABFEDE}.DLL ASM Debug|x64.Build.0 = Debug|x64
		{55695F0D-AF0A-4FBE-B9AC-F73DDFABFEDE}.DLL ASM Release|Any CPU.ActiveCfg = Release|x64
		{55695F0D-AF0A-4FBE-B9AC-F73DDFABFEDE}.DLL ASM Release|Any CPU.Build.0 = Release|x64
		{55695F0D-AF0A-4FBE-B9AC-F73DDFABFEDE}.DLL ASM Release|Mixed Platforms.ActiveCfg = Release|Win32
		{55695F0D-AF0A-4FBE-B9AC-F73DDFABFEDE}.DLL ASM Release|Mixed Platforms.Build.0 = Release|Win32
		{55695F0D-AF0A-4FBE-B9AC-F73DDFABFEDE}.DLL ASM Release|Win32.ActiveCfg = Release|Win32
		{55695F0D-AF0A-4FBE-B9AC-F73DDFABFEDE}.DLL ASM Release|Win32.Build.0 = Release|Win32
		{55695F0D-AF0A-4FBE-B9AC-F73DDFABFEDE}.DLL ASM Release|x64.ActiveCfg = Release|x64
		{55695F0D-AF0A-4FBE-B9AC-F73DDFABFEDE}.DLL ASM Release|x64.Build.0 = Release|x64
		{55695F0D-AF0A-4FBE-B9AC-F73DDFABFEDE}.DLL Debug|Any CPU.ActiveCfg = Release|x64
		{55695F0D-AF0A-4FBE-B9AC-F73DDFABFEDE}.DLL Debug|Any CPU.Build.0 = Release|x64
		{55695F0D-AF0A-4FBE-B9AC-F73DDFABFEDE}.DLL Debug|Mixed Platforms.ActiveCfg = Debug|Win32
		{55695F0D-AF0A-4FBE-B9AC-F73DDFABFEDE}.DLL Debug|Mixed Platforms.Build.0 = Debug|Win32
		{55695F0D-AF0A-4FBE-B9AC-F73DDFABFEDE}.DLL Debug|Win32.ActiveCfg = Debug|Win32
		{55695F0D-AF0A-4FBE-B9AC-F73DDFABFEDE}.DLL Debug|Win32.Build.0 = Debug|Win32
		{55695F0D-AF0A-4FBE-B9AC-F73DDFABFEDE}.DLL Debug|x64.ActiveCfg = Debug|x64
		{55695F0D-AF0A-4FBE-B9AC-F73DDFABFEDE}.DLL Debug|x64.Build.0 = Debug|x64
		{55695F0D-AF0A-4FBE-B9AC-F73DDFABFEDE}.DLL Release|Any CPU.ActiveCfg = Release|x64
		{55695F0D-AF0A-4FBE-B9AC-F73DDFABFEDE}.DLL Release|Any CPU.Build.0 = Release|x64
		{55695F0D-AF0A-4FBE-B9AC-F73DDFABFEDE}.DLL Release|Mixed Platforms.ActiveCfg = Release|Win32
		{55695F0D-AF0A-4FBE-B9AC-F73DDFABFEDE}.DLL Release|Mixed Platforms.Build.0 = Release|Win32
		{55695F0D-AF0A-4FBE-B9AC-F73DDFABFEDE}.DLL Release|Win32.ActiveCfg = Release|Win32
		{55695F0D-AF0A-4FBE-B9AC-F73DDFABFEDE}.DLL Release|Win32.Build.0 = Release|Win32
		{55695F0D-AF0A-4FBE-B9AC-F73DDFABFEDE}.DLL Release|x64.ActiveCfg = Release|x64
		{55695F0D-AF0A-4FBE-B9AC-F73DDFABFEDE}.DLL Release|x64.Build.0 = Release|x64
		{55695F0D-AF0A-4FBE-B9AC-F73DDFABFEDE}.EmbeddedDebug|Any CPU.ActiveCfg = Release|x64
		{55695F0D-AF0A-4FBE-B9AC-F73DDFABFEDE}.EmbeddedDebug|Any CPU.Build.0 = Release|x64
		{55695F0D-AF0A-4FBE-B9AC-F73DDFABFEDE}.EmbeddedDebug|Mixed Platforms.ActiveCfg = Debug|Win32
		{55695F0D-AF0A-4FBE-B9AC-F73DDFABFEDE}.EmbeddedDebug|Mixed Platforms.Build.0 = Debug|Win32
		{55695F0D-AF0A-4FBE-B9AC-F73DDFABFEDE}.EmbeddedDebug|Win32.ActiveCfg = Debug|Win32
		{55695F0D-AF0A-4FBE-B9AC-F73DDFABFEDE}.EmbeddedDebug|Win32.Build.0 = Debug|Win32
		{55695F0D-AF0A-4FBE-B9AC-F73DDFABFEDE}.EmbeddedDebug|x64.ActiveCfg = Debug|x64
		{55695F0D-AF0A-4FBE-B9AC-F73DDFABFEDE}.EmbeddedDebug|x64.Build.0 = Debug|x64
		{55695F0D-AF0A-4FBE-B9AC-F73DDFABFEDE}.EmbeddedRelease|Any CPU.ActiveCfg = Release|x64
		{55695F0D-AF0A-4FBE-B9AC-F73DDFABFEDE}.EmbeddedRelease|Any CPU.Build.0 = Release|x64
		{55695F0D-AF0A-4FBE-B9AC-F73DDFABFEDE}.EmbeddedRelease|Mixed Platforms.ActiveCfg = Release|Win32
		{55695F0D-AF0A-4FBE-B9AC-F73DDFABFEDE}.EmbeddedRelease|Mixed Platforms.Build.0 = Release|Win32
		{55695F0D-AF0A-4FBE-B9AC-F73DDFABFEDE}.EmbeddedRelease|Win32.ActiveCfg = Release|Win32
		{55695F0D-AF0A-4FBE-B9AC-F73DDFABFEDE}.EmbeddedRelease|Win32.Build.0 = Release|Win32
		{55695F0D-AF0A-4FBE-B9AC-F73DDFABFEDE}.EmbeddedRelease|x64.ActiveCfg = Release|x64
		{55695F0D-AF0A-4FBE-B9AC-F73DDFABFEDE}.EmbeddedRelease|x64.Build.0 = Release|x64
		{55695F0D-AF0A-4FBE-B9AC-F73DDFABFEDE}.LIB ASM Debug|Any CPU.ActiveCfg = Release|x64
		{55695F0D-AF0A-4FBE-B9AC-F73DDFABFEDE}.LIB ASM Debug|Any CPU.Build.0 = Release|x64
		{55695F0D-AF0A-4FBE-B9AC-F73DDFABFEDE}.LIB ASM Debug|Mixed Platforms.ActiveCfg = Debug|Win32
		{55695F0D-AF0A-4FBE-B9AC-F73DDFABFEDE}.LIB ASM Debug|Mixed Platforms.Build.0 = Debug|Win32
		{55695F0D-AF0A-4FBE-B9AC-F73DDFABFEDE}.LIB ASM Debug|Win32.ActiveCfg = Debug|Win32
		{55695F0D-AF0A-4FBE-B9AC-F73DDFABFEDE}.LIB ASM Debug|Win32.Build.0 = Debug|Win32
		{55695F0D-AF0A-4FBE-B9AC-F73DDFABFEDE}.LIB ASM Debug|x64.ActiveCfg = Debug|x64
		{55695F0D-AF0A-4FBE-B9AC-F73DDFABFEDE}.LIB ASM Debug|x64.Build.0 = Debug|x64
		{55695F0D-AF0A-4FBE-B9AC-F73DDFABFEDE}.LIB ASM Release|Any CPU.ActiveCfg = Release|x64
		{55695F0D-AF0A-4FBE-B9AC-F73DDFABFEDE}.LIB ASM Release|Any CPU.Build.0 = Release|x64
		{55695F0D-AF0A-4FBE-B9AC-F73DDFABFEDE}.LIB ASM Release|Mixed Platforms.ActiveCfg = Release|Win32
		{55695F0D-AF0A-4FBE-B9AC-F73DDFABFEDE}.LIB ASM Release|Mixed Platforms.Build.0 = Release|Win32
		{55695F0D-AF0A-4FBE-B9AC-F73DDFABFEDE}.LIB ASM Release|Win32.ActiveCfg = Release|Win32
		{55695F0D-AF0A-4FBE-B9AC-F73DDFABFEDE}.LIB ASM Release|Win32.Build.0 = Release|Win32
		{55695F0D-AF0A-4FBE-B9AC-F73DDFABFEDE}.LIB ASM Release|x64.ActiveCfg = Release|x64
		{55695F0D-AF0A-4FBE-B9AC-F73DDFABFEDE}.LIB ASM Release|x64.Build.0 = Release|x64
		{55695F0D-AF0A-4FBE-B9AC-F73DDFABFEDE}.LIB Debug|Any CPU.ActiveCfg = Release|x64
		{55695F0D-AF0A-4FBE-B9AC-F73DDFABFEDE}.LIB Debug|Any CPU.Build.0 = Release|x64
		{55695F0D-AF0A-4FBE-B9AC-F73DDFABFEDE}.LIB Debug|Mixed Platforms.ActiveCfg = Debug|Win32
		{55695F0D-AF0A-4FBE-B9AC-F73DDFABFEDE}.LIB Debug|Mixed Platforms.Build.0 = Debug|Win32
		{55695F0D-AF0A-4FBE-B9AC-F73DDFABFEDE}.LIB Debug|Win32.ActiveCfg = Debug|Win32
		{55695F0D-AF0A-4FBE-B9AC-F73DDFABFEDE}.LIB Debug|Win32.Build.0 = Debug|Win32
		{55695F0D-AF0A-4FBE-B9AC-F73DDFABFEDE}.LIB Debug|x64.ActiveCfg = Debug|x64
		{55695F0D-AF0A-4FBE-B9AC-F73DDFABFEDE}.LIB Debug|x64.Build.0 = Debug|x64
		{55695F0D-AF0A-4FBE-B9AC-F73DDFABFEDE}.LIB Release|Any CPU.ActiveCfg = Release|x64
		{55695F0D-AF0A-4FBE-B9AC-F73DDFABFEDE}.LIB Release|Any CPU.Build.0 = Release|x64
		{55695F0D-AF0A-4FBE-B9AC-F73DDFABFEDE}.LIB Release|Mixed Platforms.ActiveCfg = Release|Win32
		{55695F0D-AF0A-4FBE-B9AC-F73DDFABFEDE}.LIB Release|Mixed Platforms.Build.0 = Release|Win32
		{55695F0D-AF0A-4FBE-B9AC-F73DDFABFEDE}.LIB Release|Win32.ActiveCfg = Release|Win32
		{55695F0D-AF0A-4FBE-B9AC-F73DDFABFEDE}.LIB Release|Win32.Build.0 = Release|Win32
		{55695F0D-AF0A-4FBE-B9AC-F73DDFABFEDE}.LIB Release|x64.ActiveCfg = Release|x64
		{55695F0D-AF0A-4FBE-B9AC-F73DDFABFEDE}.LIB Release|x64.Build.0 = Release|x64
		{55695F0D-AF0A-4FBE-B9AC-F73DDFABFEDE}.Release|Any CPU.ActiveCfg = Release|Win32
		{55695F0D-AF0A-4FBE-B9AC-F73DDFABFEDE}.Release|Mixed Platforms.ActiveCfg = Release|Win32
		{55695F0D-AF0A-4FBE-B9AC-F73DDFABFEDE}.Release|Mixed Platforms.Build.0 = Release|Win32
		{55695F0D-AF0A-4FBE-B9AC-F73DDFABFEDE}.Release|Win32.ActiveCfg = Release|Win32
		{55695F0D-AF0A-4FBE-B9AC-F73DDFABFEDE}.Release|Win32.Build.0 = Release|Win32
		{55695F0D-AF0A-4FBE-B9AC-F73DDFABFEDE}.Release|x64.ActiveCfg = Release|x64
		{55695F0D-AF0A-4FBE-B9AC-F73DDFABFEDE}.Release|x64.Build.0 = Release|x64
	EndGlobalSection
	GlobalSection(SolutionProperties) = preSolution
		HideSolutionNode = FALSE
	EndGlobalSection
	GlobalSection(NestedProjects) = preSolution
		{17CA3314-D7A7-43B1-BA35-CD4AF6420534} = {253EE5EB-10A6-4B69-B67C-F56804AB335F}
		{5B5EC7AE-BB81-4032-B510-3693221BC716} = {19A9684C-C7B1-4991-9226-894FCF4AFC5E}
		{583C3AAE-2426-43DE-B7CE-ECB9BB888DD6} = {253EE5EB-10A6-4B69-B67C-F56804AB335F}
		{55695F0D-AF0A-4FBE-B9AC-F73DDFABFEDE} = {253EE5EB-10A6-4B69-B67C-F56804AB335F}
	EndGlobalSection
	GlobalSection(ExtensibilityGlobals) = postSolution
		SolutionGuid = {EBF0044C-60E1-40AC-991C-4907CDA9254C}
	EndGlobalSection
EndGlobal
