
Microsoft Visual Studio Solution File, Format Version 12.00
# Visual Studio 15
VisualStudioVersion = 15.0.27130.2036
MinimumVisualStudioVersion = 10.0.40219.1
Project("{8BC9CEB8-8B4A-11D0-8D11-00A0C91BC942}") = "KKBase", "KKBase\KKBase.vcxproj", "{D9BB6D83-937E-40FD-BFC3-FF48D8A04D11}"
EndProject
Project("{8BC9CEB8-8B4A-11D0-8D11-00A0C91BC942}") = "KKLineScanner", "KKLineScanner\KKLineScanner.vcxproj", "{65B4E499-F9C5-472A-B5D1-90541F817513}"
EndProject
Project("{8BC9CEB8-8B4A-11D0-8D11-00A0C91BC942}") = "KKMachineLearning", "KKMachineLearning\KKMachineLearning.vcxproj", "{EDA94C7F-B7B2-48DC-833D-A4948F00A7A2}"
EndProject
Project("{FAE04EC0-301F-11D3-BF4B-00C04F79EFBC}") = "KKControls", "KKControls\KKControls.csproj", "{3404FEA2-61A5-4102-9280-729AC235A031}"
EndProject
Project("{8BC9CEB8-8B4A-11D0-8D11-00A0C91BC942}") = "KKJobManager", "JobManager\KKJobManager.vcxproj", "{B8045239-6597-4E1D-B535-A78DA68BA156}"
EndProject
Project("{2150E333-8FDC-42A3-9474-1A3956D46DE8}") = "OutsidePackages", "OutsidePackages", "{19A9684C-C7B1-4991-9226-894FCF4AFC5E}"
EndProject
Project("{8BC9CEB8-8B4A-11D0-8D11-00A0C91BC942}") = "zlib-1.2.11", "..\OutsidePackages\zlib-1.2.11\zlib-1.2.11.vcxproj", "{5B5EC7AE-BB81-4032-B510-3693221BC716}"
EndProject
Project("{8BC9CEB8-8B4A-11D0-8D11-00A0C91BC942}") = "gtest", "..\googletest\googletest\msvc\2010\gtest.vcxproj", "{C8F6C172-56F2-4E76-B5FA-C3B423B31BE7}"
EndProject
Project("{8BC9CEB8-8B4A-11D0-8D11-00A0C91BC942}") = "KKBaseTests", "Tests\KKBaseTests\KKBaseTests.vcxproj", "{55695F0D-AF0A-4FBE-B9AC-F73DDFABFEDE}"
EndProject
Global
	GlobalSection(SolutionConfigurationPlatforms) = preSolution
		Debug|Any CPU = Debug|Any CPU
		Debug|Mixed Platforms = Debug|Mixed Platforms
		Debug|x64 = Debug|x64
		Release|Any CPU = Release|Any CPU
		Release|Mixed Platforms = Release|Mixed Platforms
		Release|x64 = Release|x64
	EndGlobalSection
	GlobalSection(ProjectConfigurationPlatforms) = postSolution
		{D9BB6D83-937E-40FD-BFC3-FF48D8A04D11}.Debug|Mixed Platforms.ActiveCfg = Debug|x64
		{D9BB6D83-937E-40FD-BFC3-FF48D8A04D11}.Debug|Mixed Platforms.Build.0 = Debug|x64
		{D9BB6D83-937E-40FD-BFC3-FF48D8A04D11}.Debug|x64.ActiveCfg = Debug|x64
		{D9BB6D83-937E-40FD-BFC3-FF48D8A04D11}.Debug|x64.Build.0 = Debug|x64
		{D9BB6D83-937E-40FD-BFC3-FF48D8A04D11}.Release|Mixed Platforms.ActiveCfg = Release|x64
		{D9BB6D83-937E-40FD-BFC3-FF48D8A04D11}.Release|Mixed Platforms.Build.0 = Release|x64
		{D9BB6D83-937E-40FD-BFC3-FF48D8A04D11}.Release|x64.ActiveCfg = Release|x64
		{D9BB6D83-937E-40FD-BFC3-FF48D8A04D11}.Release|x64.Build.0 = Release|x64
		{65B4E499-F9C5-472A-B5D1-90541F817513}.Debug|Mixed Platforms.ActiveCfg = Debug|x64
		{65B4E499-F9C5-472A-B5D1-90541F817513}.Debug|Mixed Platforms.Build.0 = Debug|x64
		{65B4E499-F9C5-472A-B5D1-90541F817513}.Debug|x64.ActiveCfg = Debug|x64
		{65B4E499-F9C5-472A-B5D1-90541F817513}.Debug|x64.Build.0 = Debug|x64
		{65B4E499-F9C5-472A-B5D1-90541F817513}.Release|Mixed Platforms.ActiveCfg = Release|x64
		{65B4E499-F9C5-472A-B5D1-90541F817513}.Release|Mixed Platforms.Build.0 = Release|x64
		{65B4E499-F9C5-472A-B5D1-90541F817513}.Release|x64.ActiveCfg = Release|x64
		{65B4E499-F9C5-472A-B5D1-90541F817513}.Release|x64.Build.0 = Release|x64
		{EDA94C7F-B7B2-48DC-833D-A4948F00A7A2}.Debug|Mixed Platforms.ActiveCfg = Debug|x64
		{EDA94C7F-B7B2-48DC-833D-A4948F00A7A2}.Debug|Mixed Platforms.Build.0 = Debug|x64
		{EDA94C7F-B7B2-48DC-833D-A4948F00A7A2}.Debug|x64.ActiveCfg = Debug|x64
		{EDA94C7F-B7B2-48DC-833D-A4948F00A7A2}.Debug|x64.Build.0 = Debug|x64
		{EDA94C7F-B7B2-48DC-833D-A4948F00A7A2}.Release|Mixed Platforms.ActiveCfg = Release|x64
		{EDA94C7F-B7B2-48DC-833D-A4948F00A7A2}.Release|Mixed Platforms.Build.0 = Release|x64
		{EDA94C7F-B7B2-48DC-833D-A4948F00A7A2}.Release|x64.ActiveCfg = Release|x64
		{EDA94C7F-B7B2-48DC-833D-A4948F00A7A2}.Release|x64.Build.0 = Release|x64
		{3404FEA2-61A5-4102-9280-729AC235A031}.Debug|Any CPU.ActiveCfg = Debug|Any CPU
		{3404FEA2-61A5-4102-9280-729AC235A031}.Debug|Any CPU.Build.0 = Debug|Any CPU
		{3404FEA2-61A5-4102-9280-729AC235A031}.Debug|Mixed Platforms.ActiveCfg = Debug|x64
		{3404FEA2-61A5-4102-9280-729AC235A031}.Debug|Mixed Platforms.Build.0 = Debug|x64
		{3404FEA2-61A5-4102-9280-729AC235A031}.Debug|x64.ActiveCfg = Debug|x64
		{3404FEA2-61A5-4102-9280-729AC235A031}.Debug|x64.Build.0 = Debug|x64
		{B8045239-6597-4E1D-B535-A78DA68BA156}.Release|Mixed Platforms.ActiveCfg = Release|x64
		{B8045239-6597-4E1D-B535-A78DA68BA156}.Release|Mixed Platforms.Build.0 = Release|x64
		{B8045239-6597-4E1D-B535-A78DA68BA156}.Release|x64.ActiveCfg = Release|x64
		{B8045239-6597-4E1D-B535-A78DA68BA156}.Release|x64.Build.0 = Release|x64
		{5B5EC7AE-BB81-4032-B510-3693221BC716}.Debug|Mixed Platforms.ActiveCfg = Debug|x64
		{5B5EC7AE-BB81-4032-B510-3693221BC716}.Debug|Mixed Platforms.Build.0 = Debug|x64
		{5B5EC7AE-BB81-4032-B510-3693221BC716}.Debug|x64.ActiveCfg = Debug|x64
		{5B5EC7AE-BB81-4032-B510-3693221BC716}.Debug|x64.Build.0 = Debug|x64
		{5B5EC7AE-BB81-4032-B510-3693221BC716}.Release|x64.ActiveCfg = Release|x64
		{5B5EC7AE-BB81-4032-B510-3693221BC716}.Release|x64.Build.0 = Release|x64
		{C8F6C172-56F2-4E76-B5FA-C3B423B31BE7}.Debug|x64.ActiveCfg = Debug|x64
		{C8F6C172-56F2-4E76-B5FA-C3B423B31BE7}.Debug|x64.Build.0 = Debug|x64
		{C8F6C172-56F2-4E76-B5FA-C3B423B31BE7}.Release|x64.ActiveCfg = Release|x64
		{C8F6C172-56F2-4E76-B5FA-C3B423B31BE7}.Release|x64.Build.0 = Release|x64
		{55695F0D-AF0A-4FBE-B9AC-F73DDFABFEDE}.Debug|x64.ActiveCfg = Debug|x64
		{55695F0D-AF0A-4FBE-B9AC-F73DDFABFEDE}.Debug|x64.Build.0 = Debug|x64
		{55695F0D-AF0A-4FBE-B9AC-F73DDFABFEDE}.Release|x64.ActiveCfg = Release|x64
		{55695F0D-AF0A-4FBE-B9AC-F73DDFABFEDE}.Release|x64.Build.0 = Release|x64
	EndGlobalSection
	GlobalSection(SolutionProperties) = preSolution
		HideSolutionNode = FALSE
	EndGlobalSection
	GlobalSection(NestedProjects) = preSolution
		{5B5EC7AE-BB81-4032-B510-3693221BC716} = {19A9684C-C7B1-4991-9226-894FCF4AFC5E}
	EndGlobalSection
	GlobalSection(ExtensibilityGlobals) = postSolution
		SolutionGuid = {EBF0044C-60E1-40AC-991C-4907CDA9254C}
	EndGlobalSection
EndGlobal
